Microsoft Visual Studio Solution File, Format Version 12.00
# Visual Studio Version 17
VisualStudioVersion = 17.5.2.0
MinimumVisualStudioVersion = 10.0.40219.1
Project("{2150E333-8FDC-42A3-9474-1A3956D46DE8}") = "dataset", "dataset", "{82CE6C79-4995-14E3-CF4B-C99550C1A4B0}"
EndProject
Project("{2150E333-8FDC-42A3-9474-1A3956D46DE8}") = "0030_1106_A", "0030_1106_A", "{FC4E847C-1A61-F94B-4893-1B67FD8890BE}"
EndProject
Project("{FAE04EC0-301F-11D3-BF4B-00C04F79EFBC}") = "tests", "dataset\0030_1106_A\tests.csproj", "{A9355258-559A-1A5A-7CCC-018E071B6FC7}"
EndProject
Project("{2150E333-8FDC-42A3-9474-1A3956D46DE8}") = "0092_112_A", "0092_112_A", "{AB9AE25E-6F0C-599F-81EB-09E3ABF578ED}"
EndProject
Project("{FAE04EC0-301F-11D3-BF4B-00C04F79EFBC}") = "tests", "dataset\0092_112_A\tests.csproj", "{42786B98-0044-99BB-AB2E-CEC6ADF92012}"
EndProject
Project("{2150E333-8FDC-42A3-9474-1A3956D46DE8}") = "0012_1060_A", "0012_1060_A", "{6D6983A5-C97C-97F4-B085-5F47D4C4F254}"
EndProject
Project("{FAE04EC0-301F-11D3-BF4B-00C04F79EFBC}") = "tests", "dataset\0012_1060_A\tests.csproj", "{9EF38252-6475-9810-DBFF-4B5517A45A5A}"
EndProject
Project("{2150E333-8FDC-42A3-9474-1A3956D46DE8}") = "0008_1056_A", "0008_1056_A", "{E2912F1E-83BE-5D38-B043-561B019FFF4B}"
EndProject
Project("{FAE04EC0-301F-11D3-BF4B-00C04F79EFBC}") = "tests", "dataset\0008_1056_A\tests.csproj", "{369266BE-D6B2-60AC-E812-6A7D16EB37B1}"
EndProject
Project("{2150E333-8FDC-42A3-9474-1A3956D46DE8}") = "0013_1085_A", "0013_1085_A", "{D62BDD51-D20E-E1C5-E047-5EA861972A54}"
EndProject
Project("{FAE04EC0-301F-11D3-BF4B-00C04F79EFBC}") = "tests", "dataset\0013_1085_A\tests.csproj", "{8B5C5C36-A9D5-61CA-F63D-F5C470203319}"
EndProject
Project("{2150E333-8FDC-42A3-9474-1A3956D46DE8}") = "0023_1065_A", "0023_1065_A", "{2C544BEE-E46F-10D9-8A11-0F023992FE87}"
EndProject
Project("{FAE04EC0-301F-11D3-BF4B-00C04F79EFBC}") = "tests", "dataset\0023_1065_A\tests.csproj", "{0D51D959-92B9-9ADD-C34A-8612A80102A5}"
EndProject
Project("{2150E333-8FDC-42A3-9474-1A3956D46DE8}") = "0079_1216_A", "0079_1216_A", "{A516CB5F-5AFE-B9CD-BBF3-D3D812F16900}"
EndProject
Project("{FAE04EC0-301F-11D3-BF4B-00C04F79EFBC}") = "tests", "dataset\0079_1216_A\tests.csproj", "{C834AE34-5D19-52CD-F438-8EA582E955EC}"
EndProject
Project("{2150E333-8FDC-42A3-9474-1A3956D46DE8}") = "0001_1003_A", "0001_1003_A", "{6BA90632-A411-FAD3-EBF2-E82D9627697D}"
EndProject
Project("{FAE04EC0-301F-11D3-BF4B-00C04F79EFBC}") = "tests", "dataset\0001_1003_A\tests.csproj", "{00840ADD-7691-294B-3311-9B2E405920A1}"
EndProject
Project("{2150E333-8FDC-42A3-9474-1A3956D46DE8}") = "0056_1178_A", "0056_1178_A", "{B3F3CC55-1152-D817-901F-7CC7D18B7469}"
EndProject
Project("{FAE04EC0-301F-11D3-BF4B-00C04F79EFBC}") = "tests", "dataset\0056_1178_A\tests.csproj", "{AFEDB247-B603-0E22-B3FB-0C6DD618883A}"
EndProject
Project("{2150E333-8FDC-42A3-9474-1A3956D46DE8}") = "0005_104_A", "0005_104_A", "{72C60A4C-32DF-E9A8-F66F-FB6F403923CE}"
EndProject
Project("{FAE04EC0-301F-11D3-BF4B-00C04F79EFBC}") = "tests", "dataset\0005_104_A\tests.csproj", "{582B1B33-F080-8AD6-AC93-53B38D41B9E2}"
EndProject
Project("{2150E333-8FDC-42A3-9474-1A3956D46DE8}") = "0076_1271_A", "0076_1271_A", "{49301A36-255A-E2E9-D86B-DF3BEAFD314F}"
EndProject
Project("{FAE04EC0-301F-11D3-BF4B-00C04F79EFBC}") = "tests", "dataset\0076_1271_A\tests.csproj", "{AA79509C-D7E3-7BB8-22CE-812A4C5F5706}"
EndProject
Project("{2150E333-8FDC-42A3-9474-1A3956D46DE8}") = "0072_1207_A", "0072_1207_A", "{C8C046E8-316E-BC38-C15A-276C0B662291}"
EndProject
Project("{FAE04EC0-301F-11D3-BF4B-00C04F79EFBC}") = "tests", "dataset\0072_1207_A\tests.csproj", "{F747819E-1575-4AE7-7FCC-2BBDFA6CC305}"
EndProject
Project("{2150E333-8FDC-42A3-9474-1A3956D46DE8}") = "0035_1162_A", "0035_1162_A", "{B0CB96D7-C732-B207-D7F2-EE886CBA1727}"
EndProject
Project("{FAE04EC0-301F-11D3-BF4B-00C04F79EFBC}") = "tests", "dataset\0035_1162_A\tests.csproj", "{F48F670F-8554-8346-B696-BEC95FE722CF}"
EndProject
Project("{2150E333-8FDC-42A3-9474-1A3956D46DE8}") = "0036_1015_A", "0036_1015_A", "{D979712F-A3E2-E80C-3B3C-C33ABEF1B33F}"
EndProject
Project("{FAE04EC0-301F-11D3-BF4B-00C04F79EFBC}") = "tests", "dataset\0036_1015_A\tests.csproj", "{E006A90B-9A76-75E3-DA56-0A8F0C0E6F7A}"
EndProject
Project("{2150E333-8FDC-42A3-9474-1A3956D46DE8}") = "0016_1006_A", "0016_1006_A", "{E5283034-F53E-5A40-FDA1-7D59AD3AD96B}"
EndProject
Project("{FAE04EC0-301F-11D3-BF4B-00C04F79EFBC}") = "tests", "dataset\0016_1006_A\tests.csproj", "{106D22FD-4FBE-4D60-A116-494E711C5822}"
EndProject
Project("{2150E333-8FDC-42A3-9474-1A3956D46DE8}") = "0068_1196_A", "0068_1196_A", "{9C30765B-F6DD-BA97-847E-12FD6FC682F8}"
EndProject
Project("{FAE04EC0-301F-11D3-BF4B-00C04F79EFBC}") = "tests", "dataset\0068_1196_A\tests.csproj", "{07E97DDD-3B76-0F1B-235A-E84E0EC323A1}"
EndProject
Project("{2150E333-8FDC-42A3-9474-1A3956D46DE8}") = "0096_1316_A", "0096_1316_A", "{176789C7-FBA9-E42C-B06F-6DFA3EBA3240}"
EndProject
Project("{FAE04EC0-301F-11D3-BF4B-00C04F79EFBC}") = "tests", "dataset\0096_1316_A\tests.csproj", "{A38BC428-7450-898D-B0CA-A6711ACC6C49}"
EndProject
Project("{2150E333-8FDC-42A3-9474-1A3956D46DE8}") = "0007_1054_A", "0007_1054_A", "{06144FDC-7611-C08B-4952-3DD38AD44F8A}"
EndProject
Project("{FAE04EC0-301F-11D3-BF4B-00C04F79EFBC}") = "tests", "dataset\0007_1054_A\tests.csproj", "{6D721B72-0275-6A66-93E2-11A4C0AC12F4}"
EndProject
Project("{2150E333-8FDC-42A3-9474-1A3956D46DE8}") = "0082_1234_A", "0082_1234_A", "{0E1ADBB6-2825-993C-8217-2E3B8D8A7FFB}"
EndProject
Project("{FAE04EC0-301F-11D3-BF4B-00C04F79EFBC}") = "tests", "dataset\0082_1234_A\tests.csproj", "{FF99237A-3E9E-29B4-F9FC-1C225ABAA561}"
EndProject
Project("{2150E333-8FDC-42A3-9474-1A3956D46DE8}") = "0003_1028_A", "0003_1028_A", "{FB2E1ED9-6EA6-9E75-FA28-DC72DF68434E}"
EndProject
Project("{FAE04EC0-301F-11D3-BF4B-00C04F79EFBC}") = "tests", "dataset\0003_1028_A\tests.csproj", "{25EEB804-9952-5731-2AFC-EF4F87F557ED}"
EndProject
Project("{2150E333-8FDC-42A3-9474-1A3956D46DE8}") = "0027_1092_A", "0027_1092_A", "{F7D9CEEA-EE36-A7A1-0918-E27FE5489963}"
EndProject
Project("{FAE04EC0-301F-11D3-BF4B-00C04F79EFBC}") = "tests", "dataset\0027_1092_A\tests.csproj", "{AD4DB803-3318-63DA-B6EE-B53D2754451C}"
EndProject
Project("{2150E333-8FDC-42A3-9474-1A3956D46DE8}") = "0066_1236_A", "0066_1236_A", "{8B182BC7-35F3-DC93-E453-8DDD6AD398C1}"
EndProject
Project("{FAE04EC0-301F-11D3-BF4B-00C04F79EFBC}") = "tests", "dataset\0066_1236_A\tests.csproj", "{2D816551-FE4A-01C6-E12A-0A8919C764D8}"
EndProject
Project("{2150E333-8FDC-42A3-9474-1A3956D46DE8}") = "0038_1077_A", "0038_1077_A", "{7FA05563-C947-D2F4-FECF-FD363D6ACC24}"
EndProject
Project("{FAE04EC0-301F-11D3-BF4B-00C04F79EFBC}") = "tests", "dataset\0038_1077_A\tests.csproj", "{BB8D8E4F-145D-9EEE-A3DF-56D68A3E1F1A}"
EndProject
Project("{2150E333-8FDC-42A3-9474-1A3956D46DE8}") = "0026_1092_B", "0026_1092_B", "{BD07DD55-D05B-E615-3EBE-1B551C0CC939}"
EndProject
Project("{FAE04EC0-301F-11D3-BF4B-00C04F79EFBC}") = "tests", "dataset\0026_1092_B\tests.csproj", "{718D7280-BFEA-69F6-546A-32F343187F25}"
EndProject
Project("{2150E333-8FDC-42A3-9474-1A3956D46DE8}") = "0060_1154_A", "0060_1154_A", "{1CF940E3-3BF0-3967-CC5F-BB51A03813D9}"
EndProject
Project("{FAE04EC0-301F-11D3-BF4B-00C04F79EFBC}") = "tests", "dataset\0060_1154_A\tests.csproj", "{DDE86B16-1571-2551-F0D1-9BAD9B4D62E4}"
EndProject
Project("{2150E333-8FDC-42A3-9474-1A3956D46DE8}") = "0059_1167_A", "0059_1167_A", "{D1C6D30F-7807-B3C2-0093-AD074F85AB5A}"
EndProject
Project("{FAE04EC0-301F-11D3-BF4B-00C04F79EFBC}") = "tests", "dataset\0059_1167_A\tests.csproj", "{9205E088-4283-39A6-4341-A588A4707196}"
EndProject
Project("{2150E333-8FDC-42A3-9474-1A3956D46DE8}") = "0086_1270_A", "0086_1270_A", "{4F29DB26-B5A0-AAF3-544E-2BDB968676BA}"
EndProject
Project("{FAE04EC0-301F-11D3-BF4B-00C04F79EFBC}") = "tests", "dataset\0086_1270_A\tests.csproj", "{499D7D22-8411-C4E9-E4CC-202F3A17C831}"
EndProject
Project("{2150E333-8FDC-42A3-9474-1A3956D46DE8}") = "0058_1144_A", "0058_1144_A", "{4BEB3B2D-675C-0B92-3378-8A63E01A932D}"
EndProject
Project("{FAE04EC0-301F-11D3-BF4B-00C04F79EFBC}") = "tests", "dataset\0058_1144_A\tests.csproj", "{8C624C43-4B70-AEDF-DBAF-B94C2B1BD9D0}"
EndProject
Project("{2150E333-8FDC-42A3-9474-1A3956D46DE8}") = "0084_1287_A", "0084_1287_A", "{1D296970-450A-1588-EC50-E12A2A68866B}"
EndProject
Project("{FAE04EC0-301F-11D3-BF4B-00C04F79EFBC}") = "tests", "dataset\0084_1287_A\tests.csproj", "{74426634-3309-1799-8862-919FABEDC830}"
EndProject
Project("{2150E333-8FDC-42A3-9474-1A3956D46DE8}") = "0053_1230_A", "0053_1230_A", "{33F1C1C1-9243-24A3-0AE7-BBF9FA5D2327}"
EndProject
Project("{FAE04EC0-301F-11D3-BF4B-00C04F79EFBC}") = "tests", "dataset\0053_1230_A\tests.csproj", "{249D9EAA-01FB-3917-A2CA-8A0EB4B5CBE0}"
EndProject
Project("{2150E333-8FDC-42A3-9474-1A3956D46DE8}") = "0040_1159_A", "0040_1159_A", "{44A25FA1-FB62-0A09-38CB-86B1926A1425}"
EndProject
Project("{FAE04EC0-301F-11D3-BF4B-00C04F79EFBC}") = "tests", "dataset\0040_1159_A\tests.csproj", "{87F26131-F21C-043A-50E5-DED9267E9CBB}"
EndProject
Project("{2150E333-8FDC-42A3-9474-1A3956D46DE8}") = "0100_1312_A", "0100_1312_A", "{AFE6952D-0069-BEF0-713E-8862D1471D21}"
EndProject
Project("{FAE04EC0-301F-11D3-BF4B-00C04F79EFBC}") = "tests", "dataset\0100_1312_A\tests.csproj", "{D1931A5B-AF9C-DA13-A1C7-87E8E52F9C8B}"
EndProject
Project("{2150E333-8FDC-42A3-9474-1A3956D46DE8}") = "0025_1096_A", "0025_1096_A", "{4ADFAB2C-4475-E005-94AB-1F9727277D8A}"
EndProject
Project("{FAE04EC0-301F-11D3-BF4B-00C04F79EFBC}") = "tests", "dataset\0025_1096_A\tests.csproj", "{4EAB0E9D-CDD1-AFB2-B7D6-E3C3139ABDA3}"
EndProject
Project("{2150E333-8FDC-42A3-9474-1A3956D46DE8}") = "0222_1530_B", "0222_1530_B", "{3FA54608-89DF-F8E4-13BE-25267E7AE1F7}"
EndProject
Project("{FAE04EC0-301F-11D3-BF4B-00C04F79EFBC}") = "tests", "dataset\0222_1530_B\tests.csproj", "{30605648-F036-21DC-4979-A725B2D766D2}"
EndProject
Project("{2150E333-8FDC-42A3-9474-1A3956D46DE8}") = "0085_1257_A", "0085_1257_A", "{DD91E91A-8761-424D-1CA3-88433E1D4B4A}"
EndProject
Project("{FAE04EC0-301F-11D3-BF4B-00C04F79EFBC}") = "tests", "dataset\0085_1257_A\tests.csproj", "{467272B3-F404-4FBF-1879-61D93372EA92}"
EndProject
Project("{2150E333-8FDC-42A3-9474-1A3956D46DE8}") = "0021_1047_A", "0021_1047_A", "{CCFC2F09-03E8-45DD-4620-532A293B120C}"
EndProject
Project("{FAE04EC0-301F-11D3-BF4B-00C04F79EFBC}") = "tests", "dataset\0021_1047_A\tests.csproj", "{918E0AEE-2876-196E-D92F-14C4B0EC4249}"
EndProject
Project("{2150E333-8FDC-42A3-9474-1A3956D46DE8}") = "0034_1102_A", "0034_1102_A", "{80FA1692-2CE7-88DF-CEFA-B224B80CB9B5}"
EndProject
Project("{FAE04EC0-301F-11D3-BF4B-00C04F79EFBC}") = "tests", "dataset\0034_1102_A\tests.csproj", "{4E831C55-D38E-D294-AD7F-AB055671D4D2}"
EndProject
Project("{2150E333-8FDC-42A3-9474-1A3956D46DE8}") = "0037_1150_A", "0037_1150_A", "{F22623F4-F32E-0AE4-ED92-AF0E0FBA4C4E}"
EndProject
Project("{FAE04EC0-301F-11D3-BF4B-00C04F79EFBC}") = "tests", "dataset\0037_1150_A\tests.csproj", "{35773F31-BFA4-222C-38AD-0BB8C66209D1}"
EndProject
Project("{2150E333-8FDC-42A3-9474-1A3956D46DE8}") = "0073_1206_A", "0073_1206_A", "{109E356A-C823-D52C-752E-26573FE8531C}"
EndProject
Project("{FAE04EC0-301F-11D3-BF4B-00C04F79EFBC}") = "tests", "dataset\0073_1206_A\tests.csproj", "{944317E7-03C2-DA7C-0628-BAE90F78BEB2}"
EndProject
Project("{2150E333-8FDC-42A3-9474-1A3956D46DE8}") = "0213_1516_A", "0213_1516_A", "{57316BE9-59B8-FC45-E7A3-9EF1134CA77B}"
EndProject
Project("{FAE04EC0-301F-11D3-BF4B-00C04F79EFBC}") = "tests", "dataset\0213_1516_A\tests.csproj", "{DCFFEDE9-419D-75F0-F42C-1EFB71FC3758}"
EndProject
Project("{2150E333-8FDC-42A3-9474-1A3956D46DE8}") = "0099_1303_A", "0099_1303_A", "{8A15B390-98CF-6ADA-9740-92ED61A557BF}"
EndProject
Project("{FAE04EC0-301F-11D3-BF4B-00C04F79EFBC}") = "tests", "dataset\0099_1303_A\tests.csproj", "{22BBCE6F-C81B-9ED2-0A46-DDFE5CFF539D}"
EndProject
Project("{2150E333-8FDC-42A3-9474-1A3956D46DE8}") = "0052_12_A", "0052_12_A", "{EC75E643-9081-D140-7680-D9118E9245E2}"
EndProject
Project("{FAE04EC0-301F-11D3-BF4B-00C04F79EFBC}") = "tests", "dataset\0052_12_A\tests.csproj", "{825BD9B3-74AC-7173-B29D-DCE9DB3DCA73}"
EndProject
Project("{2150E333-8FDC-42A3-9474-1A3956D46DE8}") = "0045_1146_A", "0045_1146_A", "{8BEC91C7-2432-AFBB-92A9-16692BA318C7}"
EndProject
Project("{FAE04EC0-301F-11D3-BF4B-00C04F79EFBC}") = "tests", "dataset\0045_1146_A\tests.csproj", "{CFCDD20A-FE1B-99B0-B145-C20976609026}"
EndProject
Project("{2150E333-8FDC-42A3-9474-1A3956D46DE8}") = "0011_1030_A", "0011_1030_A", "{E6F4ED6D-3E29-8993-AA67-799A8BE5D3EE}"
EndProject
Project("{FAE04EC0-301F-11D3-BF4B-00C04F79EFBC}") = "tests", "dataset\0011_1030_A\tests.csproj", "{65E66EF3-01BE-05BD-FB97-5EDCE69771DC}"
EndProject
Project("{2150E333-8FDC-42A3-9474-1A3956D46DE8}") = "0022_1088_A", "0022_1088_A", "{A8B7E61F-1DC3-8B5E-FEE8-2C2AC72FC6F5}"
EndProject
Project("{FAE04EC0-301F-11D3-BF4B-00C04F79EFBC}") = "tests", "dataset\0022_1088_A\tests.csproj", "{B6D8C244-E6C7-422E-694E-A73FAA25D893}"
EndProject
Project("{2150E333-8FDC-42A3-9474-1A3956D46DE8}") = "0077_1244_A", "0077_1244_A", "{85BB843E-E891-82F1-3510-02E4A0015868}"
EndProject
Project("{FAE04EC0-301F-11D3-BF4B-00C04F79EFBC}") = "tests", "dataset\0077_1244_A\tests.csproj", "{3442B1B1-E04D-E420-9942-F92976D75916}"
EndProject
Project("{2150E333-8FDC-42A3-9474-1A3956D46DE8}") = "0043_1131_A", "0043_1131_A", "{D0F0E626-0E6D-88DB-CE9D-F284B7C5D8EA}"
EndProject
Project("{FAE04EC0-301F-11D3-BF4B-00C04F79EFBC}") = "tests", "dataset\0043_1131_A\tests.csproj", "{5EDC0922-F30D-503D-EE5E-5EFA3DDDE8F1}"
EndProject
Project("{2150E333-8FDC-42A3-9474-1A3956D46DE8}") = "0069_1200_A", "0069_1200_A", "{9347C0B6-D655-A3EF-0DAE-9BFE88E43DD4}"
EndProject
Project("{FAE04EC0-301F-11D3-BF4B-00C04F79EFBC}") = "tests", "dataset\0069_1200_A\tests.csproj", "{49787FE2-B052-8706-7997-93745CD7F343}"
EndProject
Project("{2150E333-8FDC-42A3-9474-1A3956D46DE8}") = "0054_1189_A", "0054_1189_A", "{28C47BDE-0B11-B867-EE3D-563F0D2F317D}"
EndProject
Project("{FAE04EC0-301F-11D3-BF4B-00C04F79EFBC}") = "tests", "dataset\0054_1189_A\tests.csproj", "{72211777-82B1-0338-3B19-0C1549BE2172}"
EndProject
Project("{2150E333-8FDC-42A3-9474-1A3956D46DE8}") = "0071_1228_A", "0071_1228_A", "{6B3B0603-E600-FC1E-C312-BE1729E5F2E3}"
EndProject
Project("{FAE04EC0-301F-11D3-BF4B-00C04F79EFBC}") = "tests", "dataset\0071_1228_A\tests.csproj", "{3658B496-67B4-662A-5946-A7B1817B3640}"
EndProject
Project("{2150E333-8FDC-42A3-9474-1A3956D46DE8}") = "0063_1185_A", "0063_1185_A", "{9B33AB21-BE02-C885-4803-3ABE28C22A3C}"
EndProject
Project("{FAE04EC0-301F-11D3-BF4B-00C04F79EFBC}") = "tests", "dataset\0063_1185_A\tests.csproj", "{6CC77143-3483-AE99-A168-A754E6319A5C}"
EndProject
Project("{2150E333-8FDC-42A3-9474-1A3956D46DE8}") = "0061_1191_A", "0061_1191_A", "{3A0A9025-C7AC-DE36-A2BC-7849FC10EF46}"
EndProject
Project("{FAE04EC0-301F-11D3-BF4B-00C04F79EFBC}") = "tests", "dataset\0061_1191_A\tests.csproj", "{737BF237-7323-1016-46A7-9A7524606D78}"
EndProject
Project("{2150E333-8FDC-42A3-9474-1A3956D46DE8}") = "0050_1139_A", "0050_1139_A", "{B14D17E3-DDA4-23A4-51AD-53DEAA9B3F15}"
EndProject
Project("{FAE04EC0-301F-11D3-BF4B-00C04F79EFBC}") = "tests", "dataset\0050_1139_A\tests.csproj", "{94BCB677-33B3-2A52-AE94-7718C738E102}"
EndProject
Project("{2150E333-8FDC-42A3-9474-1A3956D46DE8}") = "0018_1061_A", "0018_1061_A", "{BAAC8609-7A0A-92BF-2078-D8B3A6EBAB64}"
EndProject
Project("{FAE04EC0-301F-11D3-BF4B-00C04F79EFBC}") = "tests", "dataset\0018_1061_A\tests.csproj", "{5CFF165D-EDB7-9015-AC14-5EF2A1AA11D9}"
EndProject
Project("{2150E333-8FDC-42A3-9474-1A3956D46DE8}") = "0101_116_A", "0101_116_A", "{8E789371-FF36-0310-0B98-FFBD86345C2A}"
EndProject
Project("{FAE04EC0-301F-11D3-BF4B-00C04F79EFBC}") = "tests", "dataset\0101_116_A\tests.csproj", "{8B133EC6-18FE-223D-1F8D-4A7D62ED4895}"
EndProject
Project("{2150E333-8FDC-42A3-9474-1A3956D46DE8}") = "0042_1152_A", "0042_1152_A", "{20EE73D0-5E2F-7DB5-8059-83ECBAEAB974}"
EndProject
Project("{FAE04EC0-301F-11D3-BF4B-00C04F79EFBC}") = "tests", "dataset\0042_1152_A\tests.csproj", "{6E979A2A-901C-E796-096B-6D67E39866D5}"
EndProject
Project("{2150E333-8FDC-42A3-9474-1A3956D46DE8}") = "0019_1080_A", "0019_1080_A", "{CBB2F79E-8CE4-63CD-A6CA-2C8FA44A5EE4}"
EndProject
Project("{FAE04EC0-301F-11D3-BF4B-00C04F79EFBC}") = "tests", "dataset\0019_1080_A\tests.csproj", "{739045CE-ACAB-9F3E-DE58-688D1F2DF331}"
EndProject
Project("{2150E333-8FDC-42A3-9474-1A3956D46DE8}") = "0010_1043_A", "0010_1043_A", "{7C1080CB-9F04-B304-1F49-E8E4B99AE00D}"
EndProject
Project("{FAE04EC0-301F-11D3-BF4B-00C04F79EFBC}") = "tests", "dataset\0010_1043_A\tests.csproj", "{00485CED-3790-E181-9AC4-F0B980B74FE4}"
EndProject
Project("{2150E333-8FDC-42A3-9474-1A3956D46DE8}") = "0024_1091_A", "0024_1091_A", "{47E62EFF-C890-D30F-6386-269286DD0045}"
EndProject
Project("{FAE04EC0-301F-11D3-BF4B-00C04F79EFBC}") = "tests", "dataset\0024_1091_A\tests.csproj", "{E2E088B5-E742-D21E-24EC-03A86956BFA3}"
EndProject
Project("{2150E333-8FDC-42A3-9474-1A3956D46DE8}") = "0080_1281_A", "0080_1281_A", "{3924CD1E-4EE9-E2C8-E968-B5486C4EA412}"
EndProject
Project("{FAE04EC0-301F-11D3-BF4B-00C04F79EFBC}") = "tests", "dataset\0080_1281_A\tests.csproj", "{6BFA2ED7-ADB0-A1CA-7B97-94BDFD5B1440}"
EndProject
Project("{2150E333-8FDC-42A3-9474-1A3956D46DE8}") = "0046_1097_A", "0046_1097_A", "{7EC4D846-F196-F8F1-4E12-6D57A838CFC3}"
EndProject
Project("{FAE04EC0-301F-11D3-BF4B-00C04F79EFBC}") = "tests", "dataset\0046_1097_A\tests.csproj", "{2905A1F5-C81F-7ABC-3570-45A08E6F8159}"
EndProject
Project("{2150E333-8FDC-42A3-9474-1A3956D46DE8}") = "0028_1038_A", "0028_1038_A", "{FCA40F1C-40C8-D80D-BB61-6F8E0EDACAD2}"
EndProject
Project("{FAE04EC0-301F-11D3-BF4B-00C04F79EFBC}") = "tests", "dataset\0028_1038_A\tests.csproj", "{1E559E90-375D-8281-8077-ABD30EBEB639}"
EndProject
Project("{2150E333-8FDC-42A3-9474-1A3956D46DE8}") = "0078_1269_A", "0078_1269_A", "{7B8CB899-6793-4DCA-512F-CDA7A9D4EDAA}"
EndProject
Project("{FAE04EC0-301F-11D3-BF4B-00C04F79EFBC}") = "tests", "dataset\0078_1269_A\tests.csproj", "{A04EEA2D-FC07-AA9A-D25F-3D34750312E6}"
EndProject
Project("{2150E333-8FDC-42A3-9474-1A3956D46DE8}") = "0103_1305_A", "0103_1305_A", "{0A77FEB6-32A9-F3EA-D7ED-358118E869DF}"
EndProject
Project("{FAE04EC0-301F-11D3-BF4B-00C04F79EFBC}") = "tests", "dataset\0103_1305_A\tests.csproj", "{26444E43-367C-2EBA-27A7-99F0A30767BC}"
EndProject
Project("{2150E333-8FDC-42A3-9474-1A3956D46DE8}") = "0000_1013_A", "0000_1013_A", "{0B4C0BA8-BB07-363F-D6C7-55FE2A9830C0}"
EndProject
Project("{FAE04EC0-301F-11D3-BF4B-00C04F79EFBC}") = "tests", "dataset\0000_1013_A\tests.csproj", "{19E1F5F3-4AEE-B06F-36BD-0CBB4CCA5E49}"
EndProject
Project("{2150E333-8FDC-42A3-9474-1A3956D46DE8}") = "0029_1093_A", "0029_1093_A", "{DDA5EE65-90A3-DB12-8FA8-FB3E82AF6F1A}"
EndProject
Project("{FAE04EC0-301F-11D3-BF4B-00C04F79EFBC}") = "tests", "dataset\0029_1093_A\tests.csproj", "{A66B24F2-2A5D-5DA5-2FF1-646723AA8A72}"
EndProject
Project("{2150E333-8FDC-42A3-9474-1A3956D46DE8}") = "0065_1114_A", "0065_1114_A", "{336BDE5A-F135-FC5B-4014-809A27095AF1}"
EndProject
Project("{FAE04EC0-301F-11D3-BF4B-00C04F79EFBC}") = "tests", "dataset\0065_1114_A\tests.csproj", "{5F18A95A-C3B0-A7BF-5621-48A1D2E4E123}"
EndProject
Project("{2150E333-8FDC-42A3-9474-1A3956D46DE8}") = "0098_1304_A", "0098_1304_A", "{0B7AEFDD-B2BE-9E54-26B5-018ADAF07CEF}"
EndProject
Project("{FAE04EC0-301F-11D3-BF4B-00C04F79EFBC}") = "tests", "dataset\0098_1304_A\tests.csproj", "{DB1F82EC-BC6C-75BA-B970-BC0094ADD6C2}"
EndProject
Project("{2150E333-8FDC-42A3-9474-1A3956D46DE8}") = "0014_1075_A", "0014_1075_A", "{9EE5C5D3-3F08-86C5-0287-D076DE6E1990}"
EndProject
Project("{FAE04EC0-301F-11D3-BF4B-00C04F79EFBC}") = "tests", "dataset\0014_1075_A\tests.csproj", "{2AF1E61B-0199-503D-8D23-058EA907F797}"
EndProject
Project("{2150E333-8FDC-42A3-9474-1A3956D46DE8}") = "0088_1249_A", "0088_1249_A", "{93C2E182-60F6-6F2B-F9AD-5B84B2F19DA3}"
EndProject
Project("{FAE04EC0-301F-11D3-BF4B-00C04F79EFBC}") = "tests", "dataset\0088_1249_A\tests.csproj", "{753ECA2F-5C51-25E7-9033-B9EE33A14EB3}"
EndProject
Project("{2150E333-8FDC-42A3-9474-1A3956D46DE8}") = "0091_110_A", "0091_110_A", "{7C19E090-E44A-263A-2267-585251707FFB}"
EndProject
Project("{FAE04EC0-301F-11D3-BF4B-00C04F79EFBC}") = "tests", "dataset\0091_110_A\tests.csproj", "{3056EB7A-FBBA-6A3B-C1AF-ECCBAB2E9FDD}"
EndProject
Project("{2150E333-8FDC-42A3-9474-1A3956D46DE8}") = "0090_1300_A", "0090_1300_A", "{B0625EE0-38AD-300E-2EC7-27F52CA5C4CF}"
EndProject
Project("{FAE04EC0-301F-11D3-BF4B-00C04F79EFBC}") = "tests", "dataset\0090_1300_A\tests.csproj", "{FF03456C-DEF6-4C63-0050-E0A37D676880}"
EndProject
Project("{2150E333-8FDC-42A3-9474-1A3956D46DE8}") = "0041_1143_A", "0041_1143_A", "{1FB76813-38E7-E064-1891-3917209851BB}"
EndProject
Project("{FAE04EC0-301F-11D3-BF4B-00C04F79EFBC}") = "tests", "dataset\0041_1143_A\tests.csproj", "{E0E49AAA-FBF7-7717-3D2C-640AF665854D}"
EndProject
Project("{2150E333-8FDC-42A3-9474-1A3956D46DE8}") = "0070_1180_A", "0070_1180_A", "{3C01615A-01CC-EE57-DB74-2AD45F1E254B}"
EndProject
Project("{FAE04EC0-301F-11D3-BF4B-00C04F79EFBC}") = "tests", "dataset\0070_1180_A\tests.csproj", "{2D7CCAD0-50B8-DF0B-8385-47AB6851C3C7}"
EndProject
Project("{2150E333-8FDC-42A3-9474-1A3956D46DE8}") = "0015_1064_A", "0015_1064_A", "{A107CCFE-A608-31A0-0C6A-24DEB38FC13F}"
EndProject
Project("{FAE04EC0-301F-11D3-BF4B-00C04F79EFBC}") = "tests", "dataset\0015_1064_A\tests.csproj", "{A326FB14-FC51-B295-462C-9E6099C25CD6}"
EndProject
Project("{2150E333-8FDC-42A3-9474-1A3956D46DE8}") = "0055_1104_A", "0055_1104_A", "{8E403DA7-C2E1-4F78-7FA8-A187320626BA}"
EndProject
Project("{FAE04EC0-301F-11D3-BF4B-00C04F79EFBC}") = "tests", "dataset\0055_1104_A\tests.csproj", "{B8FBE76C-B071-7FA7-2960-E55400147E8B}"
EndProject
Project("{2150E333-8FDC-42A3-9474-1A3956D46DE8}") = "0051_1095_A", "0051_1095_A", "{6D08E640-DF35-BDEC-A485-6924078C73EF}"
EndProject
Project("{FAE04EC0-301F-11D3-BF4B-00C04F79EFBC}") = "tests", "dataset\0051_1095_A\tests.csproj", "{C03FD7D3-0AC5-3BA3-B0BB-6D94C6077459}"
EndProject
Project("{2150E333-8FDC-42A3-9474-1A3956D46DE8}") = "0032_1136_A", "0032_1136_A", "{C964F996-68AD-01EF-DC5D-29D7FAE7B89E}"
EndProject
Project("{FAE04EC0-301F-11D3-BF4B-00C04F79EFBC}") = "tests", "dataset\0032_1136_A\tests.csproj", "{4CBDD5A9-2509-4B9E-3F9C-BFD8960BFA38}"
EndProject
Project("{2150E333-8FDC-42A3-9474-1A3956D46DE8}") = "0087_1315_A", "0087_1315_A", "{7C7C3FF2-1D65-107B-9C8C-3C29336659F9}"
EndProject
Project("{FAE04EC0-301F-11D3-BF4B-00C04F79EFBC}") = "tests", "dataset\0087_1315_A\tests.csproj", "{7FE12288-F3BB-94FF-5265-8AD40CF2AB87}"
EndProject
Project("{2150E333-8FDC-42A3-9474-1A3956D46DE8}") = "0062_1223_A", "0062_1223_A", "{8055523B-7BED-94F4-C52B-38CB964F44A0}"
EndProject
Project("{FAE04EC0-301F-11D3-BF4B-00C04F79EFBC}") = "tests", "dataset\0062_1223_A\tests.csproj", "{0984026F-CF4C-09C4-B94E-B9D667C58E42}"
EndProject
Project("{2150E333-8FDC-42A3-9474-1A3956D46DE8}") = "0064_1183_A", "0064_1183_A", "{335B2F89-36EB-75FE-FAC8-6CF67F3481AC}"
EndProject
Project("{FAE04EC0-301F-11D3-BF4B-00C04F79EFBC}") = "tests", "dataset\0064_1183_A\tests.csproj", "{CDBA71CD-C03A-0306-DF0C-C56274B31239}"
EndProject
Project("{2150E333-8FDC-42A3-9474-1A3956D46DE8}") = "0002_1031_A", "0002_1031_A", "{3495FE77-D0D5-E2BD-96EE-5A0E2E25E17D}"
EndProject
Project("{FAE04EC0-301F-11D3-BF4B-00C04F79EFBC}") = "tests", "dataset\0002_1031_A\tests.csproj", "{659ED918-5765-EF59-9BFF-DAAA60E663AA}"
EndProject
Project("{2150E333-8FDC-42A3-9474-1A3956D46DE8}") = "0039_1118_A", "0039_1118_A", "{9D115BF8-5842-1D29-621E-49F44AF6F789}"
EndProject
Project("{FAE04EC0-301F-11D3-BF4B-00C04F79EFBC}") = "tests", "dataset\0039_1118_A\tests.csproj", "{7496680D-F806-9EB6-E079-8BC92170F25F}"
EndProject
Project("{2150E333-8FDC-42A3-9474-1A3956D46DE8}") = "0033_1099_A", "0033_1099_A", "{65C95677-99D7-576C-3C46-50232BC058F8}"
EndProject
Project("{FAE04EC0-301F-11D3-BF4B-00C04F79EFBC}") = "tests", "dataset\0033_1099_A\tests.csproj", "{74A3243E-9344-CA64-248F-9ECD21FFC0C5}"
EndProject
Project("{2150E333-8FDC-42A3-9474-1A3956D46DE8}") = "0017_1005_A", "0017_1005_A", "{F33E2922-02E8-5841-5FB9-6148821B08F4}"
EndProject
Project("{FAE04EC0-301F-11D3-BF4B-00C04F79EFBC}") = "tests", "dataset\0017_1005_A\tests.csproj", "{E745BB90-3B69-CBBD-B83E-4FD88D530AD1}"
EndProject
Project("{2150E333-8FDC-42A3-9474-1A3956D46DE8}") = "0081_1284_A", "0081_1284_A", "{0D7D74D5-AF0F-ED2F-13C3-8A094A9F2BBE}"
EndProject
Project("{FAE04EC0-301F-11D3-BF4B-00C04F79EFBC}") = "tests", "dataset\0081_1284_A\tests.csproj", "{BCB92D91-A66E-043D-069C-451C6B261465}"
EndProject
Project("{2150E333-8FDC-42A3-9474-1A3956D46DE8}") = "0075_1243_A", "0075_1243_A", "{97E27DA8-4FB6-2508-F7D8-CE4564C3B4FC}"
EndProject
Project("{FAE04EC0-301F-11D3-BF4B-00C04F79EFBC}") = "tests", "dataset\0075_1243_A\tests.csproj", "{3A79C927-DB8B-6FD7-8F9D-3FF5F56EDE17}"
EndProject
Project("{2150E333-8FDC-42A3-9474-1A3956D46DE8}") = "0004_1009_A", "0004_1009_A", "{A534A6C1-AA2F-D4DE-B816-BECC745D761E}"
EndProject
Project("{FAE04EC0-301F-11D3-BF4B-00C04F79EFBC}") = "tests", "dataset\0004_1009_A\tests.csproj", "{EC58593F-61EF-93ED-ACE8-40443057AF6A}"
EndProject
Project("{2150E333-8FDC-42A3-9474-1A3956D46DE8}") = "0031_1130_A", "0031_1130_A", "{76885430-2506-97F0-1010-015A54DCA7B9}"
EndProject
Project("{FAE04EC0-301F-11D3-BF4B-00C04F79EFBC}") = "tests", "dataset\0031_1130_A\tests.csproj", "{7168D098-2FD1-F1E7-AC2A-593ED0546379}"
EndProject
Project("{2150E333-8FDC-42A3-9474-1A3956D46DE8}") = "0009_1041_A", "0009_1041_A", "{1BEAA173-BA3E-2BEC-ACF1-D63B9E545A80}"
EndProject
Project("{FAE04EC0-301F-11D3-BF4B-00C04F79EFBC}") = "tests", "dataset\0009_1041_A\tests.csproj", "{494A5B3C-CC1E-92B3-4D5B-4A8618194212}"
EndProject
Project("{2150E333-8FDC-42A3-9474-1A3956D46DE8}") = "0094_1307_A", "0094_1307_A", "{B8E5BE4A-F604-2F26-1F15-BB4E90400135}"
EndProject
Project("{FAE04EC0-301F-11D3-BF4B-00C04F79EFBC}") = "tests", "dataset\0094_1307_A\tests.csproj", "{09FD14D0-A80B-1C46-759A-9521D76EA3FF}"
EndProject
Project("{2150E333-8FDC-42A3-9474-1A3956D46DE8}") = "0067_1209_A", "0067_1209_A", "{53566923-0094-EC87-FE11-42F3BCDF9A1A}"
EndProject
Project("{FAE04EC0-301F-11D3-BF4B-00C04F79EFBC}") = "tests", "dataset\0067_1209_A\tests.csproj", "{5D48EA59-9269-31A9-FB48-09749333D640}"
EndProject
Project("{2150E333-8FDC-42A3-9474-1A3956D46DE8}") = "0083_1194_A", "0083_1194_A", "{2FB8EDE7-C7B6-D820-20E5-B6FFB93D7D5C}"
EndProject
Project("{FAE04EC0-301F-11D3-BF4B-00C04F79EFBC}") = "tests", "dataset\0083_1194_A\tests.csproj", "{DCA0C679-1EF4-536B-9C79-06921D47736E}"
EndProject
Project("{2150E333-8FDC-42A3-9474-1A3956D46DE8}") = "0104_1285_A", "0104_1285_A", "{0B8057F7-A2CB-2D4B-10C9-FD3CB3AB373D}"
EndProject
Project("{FAE04EC0-301F-11D3-BF4B-00C04F79EFBC}") = "tests", "dataset\0104_1285_A\tests.csproj", "{D6443AF1-7033-6124-7C88-1F6E14547768}"
EndProject
Project("{2150E333-8FDC-42A3-9474-1A3956D46DE8}") = "0074_1220_A", "0074_1220_A", "{5167AFDF-7DF9-BEDF-19CF-0FBCFDE62DA8}"
EndProject
Project("{FAE04EC0-301F-11D3-BF4B-00C04F79EFBC}") = "tests", "dataset\0074_1220_A\tests.csproj", "{D2E3F460-B135-2DDB-B2DA-7ABD63550023}"
EndProject
Project("{2150E333-8FDC-42A3-9474-1A3956D46DE8}") = "0006_1017_A", "0006_1017_A", "{A4162CF8-9A02-98D5-48DC-005DCA740D22}"
EndProject
Project("{FAE04EC0-301F-11D3-BF4B-00C04F79EFBC}") = "tests", "dataset\0006_1017_A\tests.csproj", "{20D12E03-E50F-D6CC-71F4-45048E1844AC}"
EndProject
Project("{2150E333-8FDC-42A3-9474-1A3956D46DE8}") = "0093_1323_A", "0093_1323_A", "{FD6C2868-24B6-FAEB-4CDD-35DC1D2945CE}"
EndProject
Project("{FAE04EC0-301F-11D3-BF4B-00C04F79EFBC}") = "tests", "dataset\0093_1323_A\tests.csproj", "{63F8D0CE-F9B6-F82C-2FBE-BD5C6E4E4062}"
EndProject
Project("{2150E333-8FDC-42A3-9474-1A3956D46DE8}") = "0057_1186_A", "0057_1186_A", "{08547CD8-AB1F-7A9D-94B8-106DD6E8210B}"
EndProject
Project("{FAE04EC0-301F-11D3-BF4B-00C04F79EFBC}") = "tests", "dataset\0057_1186_A\tests.csproj", "{EF48EFBF-4FFF-2153-18C6-311A2E636E7F}"
EndProject
Project("{2150E333-8FDC-42A3-9474-1A3956D46DE8}") = "0089_1255_A", "0089_1255_A", "{96D73C78-AEDF-591C-298A-83E219F30DF8}"
EndProject
Project("{FAE04EC0-301F-11D3-BF4B-00C04F79EFBC}") = "tests", "dataset\0089_1255_A\tests.csproj", "{04FCB293-53D7-C976-9152-BAADD12D2ED1}"
EndProject
Project("{2150E333-8FDC-42A3-9474-1A3956D46DE8}") = "0044_1148_A", "0044_1148_A", "{20094EB9-3002-F17D-382B-9358AFA04C7D}"
EndProject
Project("{FAE04EC0-301F-11D3-BF4B-00C04F79EFBC}") = "tests", "dataset\0044_1148_A\tests.csproj", "{338232AC-EFF3-2819-17B3-ED276F9932C1}"
EndProject
Project("{2150E333-8FDC-42A3-9474-1A3956D46DE8}") = "0097_1311_A", "0097_1311_A", "{862AE355-BC69-8C65-8034-9CBF8E823EF7}"
EndProject
Project("{FAE04EC0-301F-11D3-BF4B-00C04F79EFBC}") = "tests", "dataset\0097_1311_A\tests.csproj", "{25BADCEF-7014-D5B4-8BFE-23BFCBE3C4D7}"
EndProject
Project("{2150E333-8FDC-42A3-9474-1A3956D46DE8}") = "0095_1301_A", "0095_1301_A", "{1BECEF6D-092F-CA93-2915-8F62157D0FDF}"
EndProject
Project("{FAE04EC0-301F-11D3-BF4B-00C04F79EFBC}") = "tests", "dataset\0095_1301_A\tests.csproj", "{3BAB61FD-B6B8-DBA3-4098-A9F24DE267FB}"
EndProject
Project("{2150E333-8FDC-42A3-9474-1A3956D46DE8}") = "0020_1081_A", "0020_1081_A", "{575B1500-A4B2-20AC-7B34-D467307258E5}"
EndProject
Project("{FAE04EC0-301F-11D3-BF4B-00C04F79EFBC}") = "tests", "dataset\0020_1081_A\tests.csproj", "{FB0DA383-4154-086C-BC24-558A1D22B2E7}"
EndProject
Global
	GlobalSection(SolutionConfigurationPlatforms) = preSolution
		Debug|Any CPU = Debug|Any CPU
		Release|Any CPU = Release|Any CPU
	EndGlobalSection
	GlobalSection(ProjectConfigurationPlatforms) = postSolution
		{A9355258-559A-1A5A-7CCC-018E071B6FC7}.Debug|Any CPU.ActiveCfg = Debug|Any CPU
		{A9355258-559A-1A5A-7CCC-018E071B6FC7}.Debug|Any CPU.Build.0 = Debug|Any CPU
		{A9355258-559A-1A5A-7CCC-018E071B6FC7}.Release|Any CPU.ActiveCfg = Release|Any CPU
		{A9355258-559A-1A5A-7CCC-018E071B6FC7}.Release|Any CPU.Build.0 = Release|Any CPU
		{42786B98-0044-99BB-AB2E-CEC6ADF92012}.Debug|Any CPU.ActiveCfg = Debug|Any CPU
		{42786B98-0044-99BB-AB2E-CEC6ADF92012}.Debug|Any CPU.Build.0 = Debug|Any CPU
		{42786B98-0044-99BB-AB2E-CEC6ADF92012}.Release|Any CPU.ActiveCfg = Release|Any CPU
		{42786B98-0044-99BB-AB2E-CEC6ADF92012}.Release|Any CPU.Build.0 = Release|Any CPU
		{9EF38252-6475-9810-DBFF-4B5517A45A5A}.Debug|Any CPU.ActiveCfg = Debug|Any CPU
		{9EF38252-6475-9810-DBFF-4B5517A45A5A}.Debug|Any CPU.Build.0 = Debug|Any CPU
		{9EF38252-6475-9810-DBFF-4B5517A45A5A}.Release|Any CPU.ActiveCfg = Release|Any CPU
		{9EF38252-6475-9810-DBFF-4B5517A45A5A}.Release|Any CPU.Build.0 = Release|Any CPU
		{369266BE-D6B2-60AC-E812-6A7D16EB37B1}.Debug|Any CPU.ActiveCfg = Debug|Any CPU
		{369266BE-D6B2-60AC-E812-6A7D16EB37B1}.Debug|Any CPU.Build.0 = Debug|Any CPU
		{369266BE-D6B2-60AC-E812-6A7D16EB37B1}.Release|Any CPU.ActiveCfg = Release|Any CPU
		{369266BE-D6B2-60AC-E812-6A7D16EB37B1}.Release|Any CPU.Build.0 = Release|Any CPU
		{8B5C5C36-A9D5-61CA-F63D-F5C470203319}.Debug|Any CPU.ActiveCfg = Debug|Any CPU
		{8B5C5C36-A9D5-61CA-F63D-F5C470203319}.Debug|Any CPU.Build.0 = Debug|Any CPU
		{8B5C5C36-A9D5-61CA-F63D-F5C470203319}.Release|Any CPU.ActiveCfg = Release|Any CPU
		{8B5C5C36-A9D5-61CA-F63D-F5C470203319}.Release|Any CPU.Build.0 = Release|Any CPU
		{0D51D959-92B9-9ADD-C34A-8612A80102A5}.Debug|Any CPU.ActiveCfg = Debug|Any CPU
		{0D51D959-92B9-9ADD-C34A-8612A80102A5}.Debug|Any CPU.Build.0 = Debug|Any CPU
		{0D51D959-92B9-9ADD-C34A-8612A80102A5}.Release|Any CPU.ActiveCfg = Release|Any CPU
		{0D51D959-92B9-9ADD-C34A-8612A80102A5}.Release|Any CPU.Build.0 = Release|Any CPU
		{C834AE34-5D19-52CD-F438-8EA582E955EC}.Debug|Any CPU.ActiveCfg = Debug|Any CPU
		{C834AE34-5D19-52CD-F438-8EA582E955EC}.Debug|Any CPU.Build.0 = Debug|Any CPU
		{C834AE34-5D19-52CD-F438-8EA582E955EC}.Release|Any CPU.ActiveCfg = Release|Any CPU
		{C834AE34-5D19-52CD-F438-8EA582E955EC}.Release|Any CPU.Build.0 = Release|Any CPU
		{00840ADD-7691-294B-3311-9B2E405920A1}.Debug|Any CPU.ActiveCfg = Debug|Any CPU
		{00840ADD-7691-294B-3311-9B2E405920A1}.Debug|Any CPU.Build.0 = Debug|Any CPU
		{00840ADD-7691-294B-3311-9B2E405920A1}.Release|Any CPU.ActiveCfg = Release|Any CPU
		{00840ADD-7691-294B-3311-9B2E405920A1}.Release|Any CPU.Build.0 = Release|Any CPU
		{AFEDB247-B603-0E22-B3FB-0C6DD618883A}.Debug|Any CPU.ActiveCfg = Debug|Any CPU
		{AFEDB247-B603-0E22-B3FB-0C6DD618883A}.Debug|Any CPU.Build.0 = Debug|Any CPU
		{AFEDB247-B603-0E22-B3FB-0C6DD618883A}.Release|Any CPU.ActiveCfg = Release|Any CPU
		{AFEDB247-B603-0E22-B3FB-0C6DD618883A}.Release|Any CPU.Build.0 = Release|Any CPU
		{582B1B33-F080-8AD6-AC93-53B38D41B9E2}.Debug|Any CPU.ActiveCfg = Debug|Any CPU
		{582B1B33-F080-8AD6-AC93-53B38D41B9E2}.Debug|Any CPU.Build.0 = Debug|Any CPU
		{582B1B33-F080-8AD6-AC93-53B38D41B9E2}.Release|Any CPU.ActiveCfg = Release|Any CPU
		{582B1B33-F080-8AD6-AC93-53B38D41B9E2}.Release|Any CPU.Build.0 = Release|Any CPU
		{AA79509C-D7E3-7BB8-22CE-812A4C5F5706}.Debug|Any CPU.ActiveCfg = Debug|Any CPU
		{AA79509C-D7E3-7BB8-22CE-812A4C5F5706}.Debug|Any CPU.Build.0 = Debug|Any CPU
		{AA79509C-D7E3-7BB8-22CE-812A4C5F5706}.Release|Any CPU.ActiveCfg = Release|Any CPU
		{AA79509C-D7E3-7BB8-22CE-812A4C5F5706}.Release|Any CPU.Build.0 = Release|Any CPU
		{F747819E-1575-4AE7-7FCC-2BBDFA6CC305}.Debug|Any CPU.ActiveCfg = Debug|Any CPU
		{F747819E-1575-4AE7-7FCC-2BBDFA6CC305}.Debug|Any CPU.Build.0 = Debug|Any CPU
		{F747819E-1575-4AE7-7FCC-2BBDFA6CC305}.Release|Any CPU.ActiveCfg = Release|Any CPU
		{F747819E-1575-4AE7-7FCC-2BBDFA6CC305}.Release|Any CPU.Build.0 = Release|Any CPU
		{F48F670F-8554-8346-B696-BEC95FE722CF}.Debug|Any CPU.ActiveCfg = Debug|Any CPU
		{F48F670F-8554-8346-B696-BEC95FE722CF}.Debug|Any CPU.Build.0 = Debug|Any CPU
		{F48F670F-8554-8346-B696-BEC95FE722CF}.Release|Any CPU.ActiveCfg = Release|Any CPU
		{F48F670F-8554-8346-B696-BEC95FE722CF}.Release|Any CPU.Build.0 = Release|Any CPU
		{E006A90B-9A76-75E3-DA56-0A8F0C0E6F7A}.Debug|Any CPU.ActiveCfg = Debug|Any CPU
		{E006A90B-9A76-75E3-DA56-0A8F0C0E6F7A}.Debug|Any CPU.Build.0 = Debug|Any CPU
		{E006A90B-9A76-75E3-DA56-0A8F0C0E6F7A}.Release|Any CPU.ActiveCfg = Release|Any CPU
		{E006A90B-9A76-75E3-DA56-0A8F0C0E6F7A}.Release|Any CPU.Build.0 = Release|Any CPU
		{106D22FD-4FBE-4D60-A116-494E711C5822}.Debug|Any CPU.ActiveCfg = Debug|Any CPU
		{106D22FD-4FBE-4D60-A116-494E711C5822}.Debug|Any CPU.Build.0 = Debug|Any CPU
		{106D22FD-4FBE-4D60-A116-494E711C5822}.Release|Any CPU.ActiveCfg = Release|Any CPU
		{106D22FD-4FBE-4D60-A116-494E711C5822}.Release|Any CPU.Build.0 = Release|Any CPU
		{07E97DDD-3B76-0F1B-235A-E84E0EC323A1}.Debug|Any CPU.ActiveCfg = Debug|Any CPU
		{07E97DDD-3B76-0F1B-235A-E84E0EC323A1}.Debug|Any CPU.Build.0 = Debug|Any CPU
		{07E97DDD-3B76-0F1B-235A-E84E0EC323A1}.Release|Any CPU.ActiveCfg = Release|Any CPU
		{07E97DDD-3B76-0F1B-235A-E84E0EC323A1}.Release|Any CPU.Build.0 = Release|Any CPU
		{A38BC428-7450-898D-B0CA-A6711ACC6C49}.Debug|Any CPU.ActiveCfg = Debug|Any CPU
		{A38BC428-7450-898D-B0CA-A6711ACC6C49}.Debug|Any CPU.Build.0 = Debug|Any CPU
		{A38BC428-7450-898D-B0CA-A6711ACC6C49}.Release|Any CPU.ActiveCfg = Release|Any CPU
		{A38BC428-7450-898D-B0CA-A6711ACC6C49}.Release|Any CPU.Build.0 = Release|Any CPU
		{6D721B72-0275-6A66-93E2-11A4C0AC12F4}.Debug|Any CPU.ActiveCfg = Debug|Any CPU
		{6D721B72-0275-6A66-93E2-11A4C0AC12F4}.Debug|Any CPU.Build.0 = Debug|Any CPU
		{6D721B72-0275-6A66-93E2-11A4C0AC12F4}.Release|Any CPU.ActiveCfg = Release|Any CPU
		{6D721B72-0275-6A66-93E2-11A4C0AC12F4}.Release|Any CPU.Build.0 = Release|Any CPU
		{FF99237A-3E9E-29B4-F9FC-1C225ABAA561}.Debug|Any CPU.ActiveCfg = Debug|Any CPU
		{FF99237A-3E9E-29B4-F9FC-1C225ABAA561}.Debug|Any CPU.Build.0 = Debug|Any CPU
		{FF99237A-3E9E-29B4-F9FC-1C225ABAA561}.Release|Any CPU.ActiveCfg = Release|Any CPU
		{FF99237A-3E9E-29B4-F9FC-1C225ABAA561}.Release|Any CPU.Build.0 = Release|Any CPU
		{25EEB804-9952-5731-2AFC-EF4F87F557ED}.Debug|Any CPU.ActiveCfg = Debug|Any CPU
		{25EEB804-9952-5731-2AFC-EF4F87F557ED}.Debug|Any CPU.Build.0 = Debug|Any CPU
		{25EEB804-9952-5731-2AFC-EF4F87F557ED}.Release|Any CPU.ActiveCfg = Release|Any CPU
		{25EEB804-9952-5731-2AFC-EF4F87F557ED}.Release|Any CPU.Build.0 = Release|Any CPU
		{AD4DB803-3318-63DA-B6EE-B53D2754451C}.Debug|Any CPU.ActiveCfg = Debug|Any CPU
		{AD4DB803-3318-63DA-B6EE-B53D2754451C}.Debug|Any CPU.Build.0 = Debug|Any CPU
		{AD4DB803-3318-63DA-B6EE-B53D2754451C}.Release|Any CPU.ActiveCfg = Release|Any CPU
		{AD4DB803-3318-63DA-B6EE-B53D2754451C}.Release|Any CPU.Build.0 = Release|Any CPU
		{2D816551-FE4A-01C6-E12A-0A8919C764D8}.Debug|Any CPU.ActiveCfg = Debug|Any CPU
		{2D816551-FE4A-01C6-E12A-0A8919C764D8}.Debug|Any CPU.Build.0 = Debug|Any CPU
		{2D816551-FE4A-01C6-E12A-0A8919C764D8}.Release|Any CPU.ActiveCfg = Release|Any CPU
		{2D816551-FE4A-01C6-E12A-0A8919C764D8}.Release|Any CPU.Build.0 = Release|Any CPU
		{BB8D8E4F-145D-9EEE-A3DF-56D68A3E1F1A}.Debug|Any CPU.ActiveCfg = Debug|Any CPU
		{BB8D8E4F-145D-9EEE-A3DF-56D68A3E1F1A}.Debug|Any CPU.Build.0 = Debug|Any CPU
		{BB8D8E4F-145D-9EEE-A3DF-56D68A3E1F1A}.Release|Any CPU.ActiveCfg = Release|Any CPU
		{BB8D8E4F-145D-9EEE-A3DF-56D68A3E1F1A}.Release|Any CPU.Build.0 = Release|Any CPU
		{718D7280-BFEA-69F6-546A-32F343187F25}.Debug|Any CPU.ActiveCfg = Debug|Any CPU
		{718D7280-BFEA-69F6-546A-32F343187F25}.Debug|Any CPU.Build.0 = Debug|Any CPU
		{718D7280-BFEA-69F6-546A-32F343187F25}.Release|Any CPU.ActiveCfg = Release|Any CPU
		{718D7280-BFEA-69F6-546A-32F343187F25}.Release|Any CPU.Build.0 = Release|Any CPU
		{DDE86B16-1571-2551-F0D1-9BAD9B4D62E4}.Debug|Any CPU.ActiveCfg = Debug|Any CPU
		{DDE86B16-1571-2551-F0D1-9BAD9B4D62E4}.Debug|Any CPU.Build.0 = Debug|Any CPU
		{DDE86B16-1571-2551-F0D1-9BAD9B4D62E4}.Release|Any CPU.ActiveCfg = Release|Any CPU
		{DDE86B16-1571-2551-F0D1-9BAD9B4D62E4}.Release|Any CPU.Build.0 = Release|Any CPU
		{9205E088-4283-39A6-4341-A588A4707196}.Debug|Any CPU.ActiveCfg = Debug|Any CPU
		{9205E088-4283-39A6-4341-A588A4707196}.Debug|Any CPU.Build.0 = Debug|Any CPU
		{9205E088-4283-39A6-4341-A588A4707196}.Release|Any CPU.ActiveCfg = Release|Any CPU
		{9205E088-4283-39A6-4341-A588A4707196}.Release|Any CPU.Build.0 = Release|Any CPU
		{499D7D22-8411-C4E9-E4CC-202F3A17C831}.Debug|Any CPU.ActiveCfg = Debug|Any CPU
		{499D7D22-8411-C4E9-E4CC-202F3A17C831}.Debug|Any CPU.Build.0 = Debug|Any CPU
		{499D7D22-8411-C4E9-E4CC-202F3A17C831}.Release|Any CPU.ActiveCfg = Release|Any CPU
		{499D7D22-8411-C4E9-E4CC-202F3A17C831}.Release|Any CPU.Build.0 = Release|Any CPU
		{8C624C43-4B70-AEDF-DBAF-B94C2B1BD9D0}.Debug|Any CPU.ActiveCfg = Debug|Any CPU
		{8C624C43-4B70-AEDF-DBAF-B94C2B1BD9D0}.Debug|Any CPU.Build.0 = Debug|Any CPU
		{8C624C43-4B70-AEDF-DBAF-B94C2B1BD9D0}.Release|Any CPU.ActiveCfg = Release|Any CPU
		{8C624C43-4B70-AEDF-DBAF-B94C2B1BD9D0}.Release|Any CPU.Build.0 = Release|Any CPU
		{74426634-3309-1799-8862-919FABEDC830}.Debug|Any CPU.ActiveCfg = Debug|Any CPU
		{74426634-3309-1799-8862-919FABEDC830}.Debug|Any CPU.Build.0 = Debug|Any CPU
		{74426634-3309-1799-8862-919FABEDC830}.Release|Any CPU.ActiveCfg = Release|Any CPU
		{74426634-3309-1799-8862-919FABEDC830}.Release|Any CPU.Build.0 = Release|Any CPU
		{249D9EAA-01FB-3917-A2CA-8A0EB4B5CBE0}.Debug|Any CPU.ActiveCfg = Debug|Any CPU
		{249D9EAA-01FB-3917-A2CA-8A0EB4B5CBE0}.Debug|Any CPU.Build.0 = Debug|Any CPU
		{249D9EAA-01FB-3917-A2CA-8A0EB4B5CBE0}.Release|Any CPU.ActiveCfg = Release|Any CPU
		{249D9EAA-01FB-3917-A2CA-8A0EB4B5CBE0}.Release|Any CPU.Build.0 = Release|Any CPU
		{87F26131-F21C-043A-50E5-DED9267E9CBB}.Debug|Any CPU.ActiveCfg = Debug|Any CPU
		{87F26131-F21C-043A-50E5-DED9267E9CBB}.Debug|Any CPU.Build.0 = Debug|Any CPU
		{87F26131-F21C-043A-50E5-DED9267E9CBB}.Release|Any CPU.ActiveCfg = Release|Any CPU
		{87F26131-F21C-043A-50E5-DED9267E9CBB}.Release|Any CPU.Build.0 = Release|Any CPU
		{D1931A5B-AF9C-DA13-A1C7-87E8E52F9C8B}.Debug|Any CPU.ActiveCfg = Debug|Any CPU
		{D1931A5B-AF9C-DA13-A1C7-87E8E52F9C8B}.Debug|Any CPU.Build.0 = Debug|Any CPU
		{D1931A5B-AF9C-DA13-A1C7-87E8E52F9C8B}.Release|Any CPU.ActiveCfg = Release|Any CPU
		{D1931A5B-AF9C-DA13-A1C7-87E8E52F9C8B}.Release|Any CPU.Build.0 = Release|Any CPU
		{4EAB0E9D-CDD1-AFB2-B7D6-E3C3139ABDA3}.Debug|Any CPU.ActiveCfg = Debug|Any CPU
		{4EAB0E9D-CDD1-AFB2-B7D6-E3C3139ABDA3}.Debug|Any CPU.Build.0 = Debug|Any CPU
		{4EAB0E9D-CDD1-AFB2-B7D6-E3C3139ABDA3}.Release|Any CPU.ActiveCfg = Release|Any CPU
		{4EAB0E9D-CDD1-AFB2-B7D6-E3C3139ABDA3}.Release|Any CPU.Build.0 = Release|Any CPU
		{30605648-F036-21DC-4979-A725B2D766D2}.Debug|Any CPU.ActiveCfg = Debug|Any CPU
		{30605648-F036-21DC-4979-A725B2D766D2}.Debug|Any CPU.Build.0 = Debug|Any CPU
		{30605648-F036-21DC-4979-A725B2D766D2}.Release|Any CPU.ActiveCfg = Release|Any CPU
		{30605648-F036-21DC-4979-A725B2D766D2}.Release|Any CPU.Build.0 = Release|Any CPU
		{467272B3-F404-4FBF-1879-61D93372EA92}.Debug|Any CPU.ActiveCfg = Debug|Any CPU
		{467272B3-F404-4FBF-1879-61D93372EA92}.Debug|Any CPU.Build.0 = Debug|Any CPU
		{467272B3-F404-4FBF-1879-61D93372EA92}.Release|Any CPU.ActiveCfg = Release|Any CPU
		{467272B3-F404-4FBF-1879-61D93372EA92}.Release|Any CPU.Build.0 = Release|Any CPU
		{918E0AEE-2876-196E-D92F-14C4B0EC4249}.Debug|Any CPU.ActiveCfg = Debug|Any CPU
		{918E0AEE-2876-196E-D92F-14C4B0EC4249}.Debug|Any CPU.Build.0 = Debug|Any CPU
		{918E0AEE-2876-196E-D92F-14C4B0EC4249}.Release|Any CPU.ActiveCfg = Release|Any CPU
		{918E0AEE-2876-196E-D92F-14C4B0EC4249}.Release|Any CPU.Build.0 = Release|Any CPU
		{4E831C55-D38E-D294-AD7F-AB055671D4D2}.Debug|Any CPU.ActiveCfg = Debug|Any CPU
		{4E831C55-D38E-D294-AD7F-AB055671D4D2}.Debug|Any CPU.Build.0 = Debug|Any CPU
		{4E831C55-D38E-D294-AD7F-AB055671D4D2}.Release|Any CPU.ActiveCfg = Release|Any CPU
		{4E831C55-D38E-D294-AD7F-AB055671D4D2}.Release|Any CPU.Build.0 = Release|Any CPU
		{35773F31-BFA4-222C-38AD-0BB8C66209D1}.Debug|Any CPU.ActiveCfg = Debug|Any CPU
		{35773F31-BFA4-222C-38AD-0BB8C66209D1}.Debug|Any CPU.Build.0 = Debug|Any CPU
		{35773F31-BFA4-222C-38AD-0BB8C66209D1}.Release|Any CPU.ActiveCfg = Release|Any CPU
		{35773F31-BFA4-222C-38AD-0BB8C66209D1}.Release|Any CPU.Build.0 = Release|Any CPU
		{944317E7-03C2-DA7C-0628-BAE90F78BEB2}.Debug|Any CPU.ActiveCfg = Debug|Any CPU
		{944317E7-03C2-DA7C-0628-BAE90F78BEB2}.Debug|Any CPU.Build.0 = Debug|Any CPU
		{944317E7-03C2-DA7C-0628-BAE90F78BEB2}.Release|Any CPU.ActiveCfg = Release|Any CPU
		{944317E7-03C2-DA7C-0628-BAE90F78BEB2}.Release|Any CPU.Build.0 = Release|Any CPU
		{DCFFEDE9-419D-75F0-F42C-1EFB71FC3758}.Debug|Any CPU.ActiveCfg = Debug|Any CPU
		{DCFFEDE9-419D-75F0-F42C-1EFB71FC3758}.Debug|Any CPU.Build.0 = Debug|Any CPU
		{DCFFEDE9-419D-75F0-F42C-1EFB71FC3758}.Release|Any CPU.ActiveCfg = Release|Any CPU
		{DCFFEDE9-419D-75F0-F42C-1EFB71FC3758}.Release|Any CPU.Build.0 = Release|Any CPU
		{22BBCE6F-C81B-9ED2-0A46-DDFE5CFF539D}.Debug|Any CPU.ActiveCfg = Debug|Any CPU
		{22BBCE6F-C81B-9ED2-0A46-DDFE5CFF539D}.Debug|Any CPU.Build.0 = Debug|Any CPU
		{22BBCE6F-C81B-9ED2-0A46-DDFE5CFF539D}.Release|Any CPU.ActiveCfg = Release|Any CPU
		{22BBCE6F-C81B-9ED2-0A46-DDFE5CFF539D}.Release|Any CPU.Build.0 = Release|Any CPU
		{825BD9B3-74AC-7173-B29D-DCE9DB3DCA73}.Debug|Any CPU.ActiveCfg = Debug|Any CPU
		{825BD9B3-74AC-7173-B29D-DCE9DB3DCA73}.Debug|Any CPU.Build.0 = Debug|Any CPU
		{825BD9B3-74AC-7173-B29D-DCE9DB3DCA73}.Release|Any CPU.ActiveCfg = Release|Any CPU
		{825BD9B3-74AC-7173-B29D-DCE9DB3DCA73}.Release|Any CPU.Build.0 = Release|Any CPU
		{CFCDD20A-FE1B-99B0-B145-C20976609026}.Debug|Any CPU.ActiveCfg = Debug|Any CPU
		{CFCDD20A-FE1B-99B0-B145-C20976609026}.Debug|Any CPU.Build.0 = Debug|Any CPU
		{CFCDD20A-FE1B-99B0-B145-C20976609026}.Release|Any CPU.ActiveCfg = Release|Any CPU
		{CFCDD20A-FE1B-99B0-B145-C20976609026}.Release|Any CPU.Build.0 = Release|Any CPU
		{65E66EF3-01BE-05BD-FB97-5EDCE69771DC}.Debug|Any CPU.ActiveCfg = Debug|Any CPU
		{65E66EF3-01BE-05BD-FB97-5EDCE69771DC}.Debug|Any CPU.Build.0 = Debug|Any CPU
		{65E66EF3-01BE-05BD-FB97-5EDCE69771DC}.Release|Any CPU.ActiveCfg = Release|Any CPU
		{65E66EF3-01BE-05BD-FB97-5EDCE69771DC}.Release|Any CPU.Build.0 = Release|Any CPU
		{B6D8C244-E6C7-422E-694E-A73FAA25D893}.Debug|Any CPU.ActiveCfg = Debug|Any CPU
		{B6D8C244-E6C7-422E-694E-A73FAA25D893}.Debug|Any CPU.Build.0 = Debug|Any CPU
		{B6D8C244-E6C7-422E-694E-A73FAA25D893}.Release|Any CPU.ActiveCfg = Release|Any CPU
		{B6D8C244-E6C7-422E-694E-A73FAA25D893}.Release|Any CPU.Build.0 = Release|Any CPU
		{3442B1B1-E04D-E420-9942-F92976D75916}.Debug|Any CPU.ActiveCfg = Debug|Any CPU
		{3442B1B1-E04D-E420-9942-F92976D75916}.Debug|Any CPU.Build.0 = Debug|Any CPU
		{3442B1B1-E04D-E420-9942-F92976D75916}.Release|Any CPU.ActiveCfg = Release|Any CPU
		{3442B1B1-E04D-E420-9942-F92976D75916}.Release|Any CPU.Build.0 = Release|Any CPU
		{5EDC0922-F30D-503D-EE5E-5EFA3DDDE8F1}.Debug|Any CPU.ActiveCfg = Debug|Any CPU
		{5EDC0922-F30D-503D-EE5E-5EFA3DDDE8F1}.Debug|Any CPU.Build.0 = Debug|Any CPU
		{5EDC0922-F30D-503D-EE5E-5EFA3DDDE8F1}.Release|Any CPU.ActiveCfg = Release|Any CPU
		{5EDC0922-F30D-503D-EE5E-5EFA3DDDE8F1}.Release|Any CPU.Build.0 = Release|Any CPU
		{49787FE2-B052-8706-7997-93745CD7F343}.Debug|Any CPU.ActiveCfg = Debug|Any CPU
		{49787FE2-B052-8706-7997-93745CD7F343}.Debug|Any CPU.Build.0 = Debug|Any CPU
		{49787FE2-B052-8706-7997-93745CD7F343}.Release|Any CPU.ActiveCfg = Release|Any CPU
		{49787FE2-B052-8706-7997-93745CD7F343}.Release|Any CPU.Build.0 = Release|Any CPU
		{72211777-82B1-0338-3B19-0C1549BE2172}.Debug|Any CPU.ActiveCfg = Debug|Any CPU
		{72211777-82B1-0338-3B19-0C1549BE2172}.Debug|Any CPU.Build.0 = Debug|Any CPU
		{72211777-82B1-0338-3B19-0C1549BE2172}.Release|Any CPU.ActiveCfg = Release|Any CPU
		{72211777-82B1-0338-3B19-0C1549BE2172}.Release|Any CPU.Build.0 = Release|Any CPU
		{3658B496-67B4-662A-5946-A7B1817B3640}.Debug|Any CPU.ActiveCfg = Debug|Any CPU
		{3658B496-67B4-662A-5946-A7B1817B3640}.Debug|Any CPU.Build.0 = Debug|Any CPU
		{3658B496-67B4-662A-5946-A7B1817B3640}.Release|Any CPU.ActiveCfg = Release|Any CPU
		{3658B496-67B4-662A-5946-A7B1817B3640}.Release|Any CPU.Build.0 = Release|Any CPU
		{6CC77143-3483-AE99-A168-A754E6319A5C}.Debug|Any CPU.ActiveCfg = Debug|Any CPU
		{6CC77143-3483-AE99-A168-A754E6319A5C}.Debug|Any CPU.Build.0 = Debug|Any CPU
		{6CC77143-3483-AE99-A168-A754E6319A5C}.Release|Any CPU.ActiveCfg = Release|Any CPU
		{6CC77143-3483-AE99-A168-A754E6319A5C}.Release|Any CPU.Build.0 = Release|Any CPU
		{737BF237-7323-1016-46A7-9A7524606D78}.Debug|Any CPU.ActiveCfg = Debug|Any CPU
		{737BF237-7323-1016-46A7-9A7524606D78}.Debug|Any CPU.Build.0 = Debug|Any CPU
		{737BF237-7323-1016-46A7-9A7524606D78}.Release|Any CPU.ActiveCfg = Release|Any CPU
		{737BF237-7323-1016-46A7-9A7524606D78}.Release|Any CPU.Build.0 = Release|Any CPU
		{94BCB677-33B3-2A52-AE94-7718C738E102}.Debug|Any CPU.ActiveCfg = Debug|Any CPU
		{94BCB677-33B3-2A52-AE94-7718C738E102}.Debug|Any CPU.Build.0 = Debug|Any CPU
		{94BCB677-33B3-2A52-AE94-7718C738E102}.Release|Any CPU.ActiveCfg = Release|Any CPU
		{94BCB677-33B3-2A52-AE94-7718C738E102}.Release|Any CPU.Build.0 = Release|Any CPU
		{5CFF165D-EDB7-9015-AC14-5EF2A1AA11D9}.Debug|Any CPU.ActiveCfg = Debug|Any CPU
		{5CFF165D-EDB7-9015-AC14-5EF2A1AA11D9}.Debug|Any CPU.Build.0 = Debug|Any CPU
		{5CFF165D-EDB7-9015-AC14-5EF2A1AA11D9}.Release|Any CPU.ActiveCfg = Release|Any CPU
		{5CFF165D-EDB7-9015-AC14-5EF2A1AA11D9}.Release|Any CPU.Build.0 = Release|Any CPU
		{8B133EC6-18FE-223D-1F8D-4A7D62ED4895}.Debug|Any CPU.ActiveCfg = Debug|Any CPU
		{8B133EC6-18FE-223D-1F8D-4A7D62ED4895}.Debug|Any CPU.Build.0 = Debug|Any CPU
		{8B133EC6-18FE-223D-1F8D-4A7D62ED4895}.Release|Any CPU.ActiveCfg = Release|Any CPU
		{8B133EC6-18FE-223D-1F8D-4A7D62ED4895}.Release|Any CPU.Build.0 = Release|Any CPU
		{6E979A2A-901C-E796-096B-6D67E39866D5}.Debug|Any CPU.ActiveCfg = Debug|Any CPU
		{6E979A2A-901C-E796-096B-6D67E39866D5}.Debug|Any CPU.Build.0 = Debug|Any CPU
		{6E979A2A-901C-E796-096B-6D67E39866D5}.Release|Any CPU.ActiveCfg = Release|Any CPU
		{6E979A2A-901C-E796-096B-6D67E39866D5}.Release|Any CPU.Build.0 = Release|Any CPU
		{739045CE-ACAB-9F3E-DE58-688D1F2DF331}.Debug|Any CPU.ActiveCfg = Debug|Any CPU
		{739045CE-ACAB-9F3E-DE58-688D1F2DF331}.Debug|Any CPU.Build.0 = Debug|Any CPU
		{739045CE-ACAB-9F3E-DE58-688D1F2DF331}.Release|Any CPU.ActiveCfg = Release|Any CPU
		{739045CE-ACAB-9F3E-DE58-688D1F2DF331}.Release|Any CPU.Build.0 = Release|Any CPU
		{00485CED-3790-E181-9AC4-F0B980B74FE4}.Debug|Any CPU.ActiveCfg = Debug|Any CPU
		{00485CED-3790-E181-9AC4-F0B980B74FE4}.Debug|Any CPU.Build.0 = Debug|Any CPU
		{00485CED-3790-E181-9AC4-F0B980B74FE4}.Release|Any CPU.ActiveCfg = Release|Any CPU
		{00485CED-3790-E181-9AC4-F0B980B74FE4}.Release|Any CPU.Build.0 = Release|Any CPU
		{E2E088B5-E742-D21E-24EC-03A86956BFA3}.Debug|Any CPU.ActiveCfg = Debug|Any CPU
		{E2E088B5-E742-D21E-24EC-03A86956BFA3}.Debug|Any CPU.Build.0 = Debug|Any CPU
		{E2E088B5-E742-D21E-24EC-03A86956BFA3}.Release|Any CPU.ActiveCfg = Release|Any CPU
		{E2E088B5-E742-D21E-24EC-03A86956BFA3}.Release|Any CPU.Build.0 = Release|Any CPU
		{6BFA2ED7-ADB0-A1CA-7B97-94BDFD5B1440}.Debug|Any CPU.ActiveCfg = Debug|Any CPU
		{6BFA2ED7-ADB0-A1CA-7B97-94BDFD5B1440}.Debug|Any CPU.Build.0 = Debug|Any CPU
		{6BFA2ED7-ADB0-A1CA-7B97-94BDFD5B1440}.Release|Any CPU.ActiveCfg = Release|Any CPU
		{6BFA2ED7-ADB0-A1CA-7B97-94BDFD5B1440}.Release|Any CPU.Build.0 = Release|Any CPU
		{2905A1F5-C81F-7ABC-3570-45A08E6F8159}.Debug|Any CPU.ActiveCfg = Debug|Any CPU
		{2905A1F5-C81F-7ABC-3570-45A08E6F8159}.Debug|Any CPU.Build.0 = Debug|Any CPU
		{2905A1F5-C81F-7ABC-3570-45A08E6F8159}.Release|Any CPU.ActiveCfg = Release|Any CPU
		{2905A1F5-C81F-7ABC-3570-45A08E6F8159}.Release|Any CPU.Build.0 = Release|Any CPU
		{1E559E90-375D-8281-8077-ABD30EBEB639}.Debug|Any CPU.ActiveCfg = Debug|Any CPU
		{1E559E90-375D-8281-8077-ABD30EBEB639}.Debug|Any CPU.Build.0 = Debug|Any CPU
		{1E559E90-375D-8281-8077-ABD30EBEB639}.Release|Any CPU.ActiveCfg = Release|Any CPU
		{1E559E90-375D-8281-8077-ABD30EBEB639}.Release|Any CPU.Build.0 = Release|Any CPU
		{A04EEA2D-FC07-AA9A-D25F-3D34750312E6}.Debug|Any CPU.ActiveCfg = Debug|Any CPU
		{A04EEA2D-FC07-AA9A-D25F-3D34750312E6}.Debug|Any CPU.Build.0 = Debug|Any CPU
		{A04EEA2D-FC07-AA9A-D25F-3D34750312E6}.Release|Any CPU.ActiveCfg = Release|Any CPU
		{A04EEA2D-FC07-AA9A-D25F-3D34750312E6}.Release|Any CPU.Build.0 = Release|Any CPU
		{26444E43-367C-2EBA-27A7-99F0A30767BC}.Debug|Any CPU.ActiveCfg = Debug|Any CPU
		{26444E43-367C-2EBA-27A7-99F0A30767BC}.Debug|Any CPU.Build.0 = Debug|Any CPU
		{26444E43-367C-2EBA-27A7-99F0A30767BC}.Release|Any CPU.ActiveCfg = Release|Any CPU
		{26444E43-367C-2EBA-27A7-99F0A30767BC}.Release|Any CPU.Build.0 = Release|Any CPU
		{19E1F5F3-4AEE-B06F-36BD-0CBB4CCA5E49}.Debug|Any CPU.ActiveCfg = Debug|Any CPU
		{19E1F5F3-4AEE-B06F-36BD-0CBB4CCA5E49}.Debug|Any CPU.Build.0 = Debug|Any CPU
		{19E1F5F3-4AEE-B06F-36BD-0CBB4CCA5E49}.Release|Any CPU.ActiveCfg = Release|Any CPU
		{19E1F5F3-4AEE-B06F-36BD-0CBB4CCA5E49}.Release|Any CPU.Build.0 = Release|Any CPU
		{A66B24F2-2A5D-5DA5-2FF1-646723AA8A72}.Debug|Any CPU.ActiveCfg = Debug|Any CPU
		{A66B24F2-2A5D-5DA5-2FF1-646723AA8A72}.Debug|Any CPU.Build.0 = Debug|Any CPU
		{A66B24F2-2A5D-5DA5-2FF1-646723AA8A72}.Release|Any CPU.ActiveCfg = Release|Any CPU
		{A66B24F2-2A5D-5DA5-2FF1-646723AA8A72}.Release|Any CPU.Build.0 = Release|Any CPU
		{5F18A95A-C3B0-A7BF-5621-48A1D2E4E123}.Debug|Any CPU.ActiveCfg = Debug|Any CPU
		{5F18A95A-C3B0-A7BF-5621-48A1D2E4E123}.Debug|Any CPU.Build.0 = Debug|Any CPU
		{5F18A95A-C3B0-A7BF-5621-48A1D2E4E123}.Release|Any CPU.ActiveCfg = Release|Any CPU
		{5F18A95A-C3B0-A7BF-5621-48A1D2E4E123}.Release|Any CPU.Build.0 = Release|Any CPU
		{DB1F82EC-BC6C-75BA-B970-BC0094ADD6C2}.Debug|Any CPU.ActiveCfg = Debug|Any CPU
		{DB1F82EC-BC6C-75BA-B970-BC0094ADD6C2}.Debug|Any CPU.Build.0 = Debug|Any CPU
		{DB1F82EC-BC6C-75BA-B970-BC0094ADD6C2}.Release|Any CPU.ActiveCfg = Release|Any CPU
		{DB1F82EC-BC6C-75BA-B970-BC0094ADD6C2}.Release|Any CPU.Build.0 = Release|Any CPU
		{2AF1E61B-0199-503D-8D23-058EA907F797}.Debug|Any CPU.ActiveCfg = Debug|Any CPU
		{2AF1E61B-0199-503D-8D23-058EA907F797}.Debug|Any CPU.Build.0 = Debug|Any CPU
		{2AF1E61B-0199-503D-8D23-058EA907F797}.Release|Any CPU.ActiveCfg = Release|Any CPU
		{2AF1E61B-0199-503D-8D23-058EA907F797}.Release|Any CPU.Build.0 = Release|Any CPU
		{753ECA2F-5C51-25E7-9033-B9EE33A14EB3}.Debug|Any CPU.ActiveCfg = Debug|Any CPU
		{753ECA2F-5C51-25E7-9033-B9EE33A14EB3}.Debug|Any CPU.Build.0 = Debug|Any CPU
		{753ECA2F-5C51-25E7-9033-B9EE33A14EB3}.Release|Any CPU.ActiveCfg = Release|Any CPU
		{753ECA2F-5C51-25E7-9033-B9EE33A14EB3}.Release|Any CPU.Build.0 = Release|Any CPU
		{3056EB7A-FBBA-6A3B-C1AF-ECCBAB2E9FDD}.Debug|Any CPU.ActiveCfg = Debug|Any CPU
		{3056EB7A-FBBA-6A3B-C1AF-ECCBAB2E9FDD}.Debug|Any CPU.Build.0 = Debug|Any CPU
		{3056EB7A-FBBA-6A3B-C1AF-ECCBAB2E9FDD}.Release|Any CPU.ActiveCfg = Release|Any CPU
		{3056EB7A-FBBA-6A3B-C1AF-ECCBAB2E9FDD}.Release|Any CPU.Build.0 = Release|Any CPU
		{FF03456C-DEF6-4C63-0050-E0A37D676880}.Debug|Any CPU.ActiveCfg = Debug|Any CPU
		{FF03456C-DEF6-4C63-0050-E0A37D676880}.Debug|Any CPU.Build.0 = Debug|Any CPU
		{FF03456C-DEF6-4C63-0050-E0A37D676880}.Release|Any CPU.ActiveCfg = Release|Any CPU
		{FF03456C-DEF6-4C63-0050-E0A37D676880}.Release|Any CPU.Build.0 = Release|Any CPU
		{E0E49AAA-FBF7-7717-3D2C-640AF665854D}.Debug|Any CPU.ActiveCfg = Debug|Any CPU
		{E0E49AAA-FBF7-7717-3D2C-640AF665854D}.Debug|Any CPU.Build.0 = Debug|Any CPU
		{E0E49AAA-FBF7-7717-3D2C-640AF665854D}.Release|Any CPU.ActiveCfg = Release|Any CPU
		{E0E49AAA-FBF7-7717-3D2C-640AF665854D}.Release|Any CPU.Build.0 = Release|Any CPU
		{2D7CCAD0-50B8-DF0B-8385-47AB6851C3C7}.Debug|Any CPU.ActiveCfg = Debug|Any CPU
		{2D7CCAD0-50B8-DF0B-8385-47AB6851C3C7}.Debug|Any CPU.Build.0 = Debug|Any CPU
		{2D7CCAD0-50B8-DF0B-8385-47AB6851C3C7}.Release|Any CPU.ActiveCfg = Release|Any CPU
		{2D7CCAD0-50B8-DF0B-8385-47AB6851C3C7}.Release|Any CPU.Build.0 = Release|Any CPU
		{A326FB14-FC51-B295-462C-9E6099C25CD6}.Debug|Any CPU.ActiveCfg = Debug|Any CPU
		{A326FB14-FC51-B295-462C-9E6099C25CD6}.Debug|Any CPU.Build.0 = Debug|Any CPU
		{A326FB14-FC51-B295-462C-9E6099C25CD6}.Release|Any CPU.ActiveCfg = Release|Any CPU
		{A326FB14-FC51-B295-462C-9E6099C25CD6}.Release|Any CPU.Build.0 = Release|Any CPU
		{B8FBE76C-B071-7FA7-2960-E55400147E8B}.Debug|Any CPU.ActiveCfg = Debug|Any CPU
		{B8FBE76C-B071-7FA7-2960-E55400147E8B}.Debug|Any CPU.Build.0 = Debug|Any CPU
		{B8FBE76C-B071-7FA7-2960-E55400147E8B}.Release|Any CPU.ActiveCfg = Release|Any CPU
		{B8FBE76C-B071-7FA7-2960-E55400147E8B}.Release|Any CPU.Build.0 = Release|Any CPU
		{C03FD7D3-0AC5-3BA3-B0BB-6D94C6077459}.Debug|Any CPU.ActiveCfg = Debug|Any CPU
		{C03FD7D3-0AC5-3BA3-B0BB-6D94C6077459}.Debug|Any CPU.Build.0 = Debug|Any CPU
		{C03FD7D3-0AC5-3BA3-B0BB-6D94C6077459}.Release|Any CPU.ActiveCfg = Release|Any CPU
		{C03FD7D3-0AC5-3BA3-B0BB-6D94C6077459}.Release|Any CPU.Build.0 = Release|Any CPU
		{4CBDD5A9-2509-4B9E-3F9C-BFD8960BFA38}.Debug|Any CPU.ActiveCfg = Debug|Any CPU
		{4CBDD5A9-2509-4B9E-3F9C-BFD8960BFA38}.Debug|Any CPU.Build.0 = Debug|Any CPU
		{4CBDD5A9-2509-4B9E-3F9C-BFD8960BFA38}.Release|Any CPU.ActiveCfg = Release|Any CPU
		{4CBDD5A9-2509-4B9E-3F9C-BFD8960BFA38}.Release|Any CPU.Build.0 = Release|Any CPU
		{7FE12288-F3BB-94FF-5265-8AD40CF2AB87}.Debug|Any CPU.ActiveCfg = Debug|Any CPU
		{7FE12288-F3BB-94FF-5265-8AD40CF2AB87}.Debug|Any CPU.Build.0 = Debug|Any CPU
		{7FE12288-F3BB-94FF-5265-8AD40CF2AB87}.Release|Any CPU.ActiveCfg = Release|Any CPU
		{7FE12288-F3BB-94FF-5265-8AD40CF2AB87}.Release|Any CPU.Build.0 = Release|Any CPU
		{0984026F-CF4C-09C4-B94E-B9D667C58E42}.Debug|Any CPU.ActiveCfg = Debug|Any CPU
		{0984026F-CF4C-09C4-B94E-B9D667C58E42}.Debug|Any CPU.Build.0 = Debug|Any CPU
		{0984026F-CF4C-09C4-B94E-B9D667C58E42}.Release|Any CPU.ActiveCfg = Release|Any CPU
		{0984026F-CF4C-09C4-B94E-B9D667C58E42}.Release|Any CPU.Build.0 = Release|Any CPU
		{CDBA71CD-C03A-0306-DF0C-C56274B31239}.Debug|Any CPU.ActiveCfg = Debug|Any CPU
		{CDBA71CD-C03A-0306-DF0C-C56274B31239}.Debug|Any CPU.Build.0 = Debug|Any CPU
		{CDBA71CD-C03A-0306-DF0C-C56274B31239}.Release|Any CPU.ActiveCfg = Release|Any CPU
		{CDBA71CD-C03A-0306-DF0C-C56274B31239}.Release|Any CPU.Build.0 = Release|Any CPU
		{659ED918-5765-EF59-9BFF-DAAA60E663AA}.Debug|Any CPU.ActiveCfg = Debug|Any CPU
		{659ED918-5765-EF59-9BFF-DAAA60E663AA}.Debug|Any CPU.Build.0 = Debug|Any CPU
		{659ED918-5765-EF59-9BFF-DAAA60E663AA}.Release|Any CPU.ActiveCfg = Release|Any CPU
		{659ED918-5765-EF59-9BFF-DAAA60E663AA}.Release|Any CPU.Build.0 = Release|Any CPU
		{7496680D-F806-9EB6-E079-8BC92170F25F}.Debug|Any CPU.ActiveCfg = Debug|Any CPU
		{7496680D-F806-9EB6-E079-8BC92170F25F}.Debug|Any CPU.Build.0 = Debug|Any CPU
		{7496680D-F806-9EB6-E079-8BC92170F25F}.Release|Any CPU.ActiveCfg = Release|Any CPU
		{7496680D-F806-9EB6-E079-8BC92170F25F}.Release|Any CPU.Build.0 = Release|Any CPU
		{74A3243E-9344-CA64-248F-9ECD21FFC0C5}.Debug|Any CPU.ActiveCfg = Debug|Any CPU
		{74A3243E-9344-CA64-248F-9ECD21FFC0C5}.Debug|Any CPU.Build.0 = Debug|Any CPU
		{74A3243E-9344-CA64-248F-9ECD21FFC0C5}.Release|Any CPU.ActiveCfg = Release|Any CPU
		{74A3243E-9344-CA64-248F-9ECD21FFC0C5}.Release|Any CPU.Build.0 = Release|Any CPU
		{E745BB90-3B69-CBBD-B83E-4FD88D530AD1}.Debug|Any CPU.ActiveCfg = Debug|Any CPU
		{E745BB90-3B69-CBBD-B83E-4FD88D530AD1}.Debug|Any CPU.Build.0 = Debug|Any CPU
		{E745BB90-3B69-CBBD-B83E-4FD88D530AD1}.Release|Any CPU.ActiveCfg = Release|Any CPU
		{E745BB90-3B69-CBBD-B83E-4FD88D530AD1}.Release|Any CPU.Build.0 = Release|Any CPU
		{BCB92D91-A66E-043D-069C-451C6B261465}.Debug|Any CPU.ActiveCfg = Debug|Any CPU
		{BCB92D91-A66E-043D-069C-451C6B261465}.Debug|Any CPU.Build.0 = Debug|Any CPU
		{BCB92D91-A66E-043D-069C-451C6B261465}.Release|Any CPU.ActiveCfg = Release|Any CPU
		{BCB92D91-A66E-043D-069C-451C6B261465}.Release|Any CPU.Build.0 = Release|Any CPU
		{3A79C927-DB8B-6FD7-8F9D-3FF5F56EDE17}.Debug|Any CPU.ActiveCfg = Debug|Any CPU
		{3A79C927-DB8B-6FD7-8F9D-3FF5F56EDE17}.Debug|Any CPU.Build.0 = Debug|Any CPU
		{3A79C927-DB8B-6FD7-8F9D-3FF5F56EDE17}.Release|Any CPU.ActiveCfg = Release|Any CPU
		{3A79C927-DB8B-6FD7-8F9D-3FF5F56EDE17}.Release|Any CPU.Build.0 = Release|Any CPU
		{EC58593F-61EF-93ED-ACE8-40443057AF6A}.Debug|Any CPU.ActiveCfg = Debug|Any CPU
		{EC58593F-61EF-93ED-ACE8-40443057AF6A}.Debug|Any CPU.Build.0 = Debug|Any CPU
		{EC58593F-61EF-93ED-ACE8-40443057AF6A}.Release|Any CPU.ActiveCfg = Release|Any CPU
		{EC58593F-61EF-93ED-ACE8-40443057AF6A}.Release|Any CPU.Build.0 = Release|Any CPU
		{7168D098-2FD1-F1E7-AC2A-593ED0546379}.Debug|Any CPU.ActiveCfg = Debug|Any CPU
		{7168D098-2FD1-F1E7-AC2A-593ED0546379}.Debug|Any CPU.Build.0 = Debug|Any CPU
		{7168D098-2FD1-F1E7-AC2A-593ED0546379}.Release|Any CPU.ActiveCfg = Release|Any CPU
		{7168D098-2FD1-F1E7-AC2A-593ED0546379}.Release|Any CPU.Build.0 = Release|Any CPU
		{494A5B3C-CC1E-92B3-4D5B-4A8618194212}.Debug|Any CPU.ActiveCfg = Debug|Any CPU
		{494A5B3C-CC1E-92B3-4D5B-4A8618194212}.Debug|Any CPU.Build.0 = Debug|Any CPU
		{494A5B3C-CC1E-92B3-4D5B-4A8618194212}.Release|Any CPU.ActiveCfg = Release|Any CPU
		{494A5B3C-CC1E-92B3-4D5B-4A8618194212}.Release|Any CPU.Build.0 = Release|Any CPU
		{09FD14D0-A80B-1C46-759A-9521D76EA3FF}.Debug|Any CPU.ActiveCfg = Debug|Any CPU
		{09FD14D0-A80B-1C46-759A-9521D76EA3FF}.Debug|Any CPU.Build.0 = Debug|Any CPU
		{09FD14D0-A80B-1C46-759A-9521D76EA3FF}.Release|Any CPU.ActiveCfg = Release|Any CPU
		{09FD14D0-A80B-1C46-759A-9521D76EA3FF}.Release|Any CPU.Build.0 = Release|Any CPU
		{5D48EA59-9269-31A9-FB48-09749333D640}.Debug|Any CPU.ActiveCfg = Debug|Any CPU
		{5D48EA59-9269-31A9-FB48-09749333D640}.Debug|Any CPU.Build.0 = Debug|Any CPU
		{5D48EA59-9269-31A9-FB48-09749333D640}.Release|Any CPU.ActiveCfg = Release|Any CPU
		{5D48EA59-9269-31A9-FB48-09749333D640}.Release|Any CPU.Build.0 = Release|Any CPU
		{DCA0C679-1EF4-536B-9C79-06921D47736E}.Debug|Any CPU.ActiveCfg = Debug|Any CPU
		{DCA0C679-1EF4-536B-9C79-06921D47736E}.Debug|Any CPU.Build.0 = Debug|Any CPU
		{DCA0C679-1EF4-536B-9C79-06921D47736E}.Release|Any CPU.ActiveCfg = Release|Any CPU
		{DCA0C679-1EF4-536B-9C79-06921D47736E}.Release|Any CPU.Build.0 = Release|Any CPU
		{D6443AF1-7033-6124-7C88-1F6E14547768}.Debug|Any CPU.ActiveCfg = Debug|Any CPU
		{D6443AF1-7033-6124-7C88-1F6E14547768}.Debug|Any CPU.Build.0 = Debug|Any CPU
		{D6443AF1-7033-6124-7C88-1F6E14547768}.Release|Any CPU.ActiveCfg = Release|Any CPU
		{D6443AF1-7033-6124-7C88-1F6E14547768}.Release|Any CPU.Build.0 = Release|Any CPU
		{D2E3F460-B135-2DDB-B2DA-7ABD63550023}.Debug|Any CPU.ActiveCfg = Debug|Any CPU
		{D2E3F460-B135-2DDB-B2DA-7ABD63550023}.Debug|Any CPU.Build.0 = Debug|Any CPU
		{D2E3F460-B135-2DDB-B2DA-7ABD63550023}.Release|Any CPU.ActiveCfg = Release|Any CPU
		{D2E3F460-B135-2DDB-B2DA-7ABD63550023}.Release|Any CPU.Build.0 = Release|Any CPU
		{20D12E03-E50F-D6CC-71F4-45048E1844AC}.Debug|Any CPU.ActiveCfg = Debug|Any CPU
		{20D12E03-E50F-D6CC-71F4-45048E1844AC}.Debug|Any CPU.Build.0 = Debug|Any CPU
		{20D12E03-E50F-D6CC-71F4-45048E1844AC}.Release|Any CPU.ActiveCfg = Release|Any CPU
		{20D12E03-E50F-D6CC-71F4-45048E1844AC}.Release|Any CPU.Build.0 = Release|Any CPU
		{63F8D0CE-F9B6-F82C-2FBE-BD5C6E4E4062}.Debug|Any CPU.ActiveCfg = Debug|Any CPU
		{63F8D0CE-F9B6-F82C-2FBE-BD5C6E4E4062}.Debug|Any CPU.Build.0 = Debug|Any CPU
		{63F8D0CE-F9B6-F82C-2FBE-BD5C6E4E4062}.Release|Any CPU.ActiveCfg = Release|Any CPU
		{63F8D0CE-F9B6-F82C-2FBE-BD5C6E4E4062}.Release|Any CPU.Build.0 = Release|Any CPU
		{EF48EFBF-4FFF-2153-18C6-311A2E636E7F}.Debug|Any CPU.ActiveCfg = Debug|Any CPU
		{EF48EFBF-4FFF-2153-18C6-311A2E636E7F}.Debug|Any CPU.Build.0 = Debug|Any CPU
		{EF48EFBF-4FFF-2153-18C6-311A2E636E7F}.Release|Any CPU.ActiveCfg = Release|Any CPU
		{EF48EFBF-4FFF-2153-18C6-311A2E636E7F}.Release|Any CPU.Build.0 = Release|Any CPU
		{04FCB293-53D7-C976-9152-BAADD12D2ED1}.Debug|Any CPU.ActiveCfg = Debug|Any CPU
		{04FCB293-53D7-C976-9152-BAADD12D2ED1}.Debug|Any CPU.Build.0 = Debug|Any CPU
		{04FCB293-53D7-C976-9152-BAADD12D2ED1}.Release|Any CPU.ActiveCfg = Release|Any CPU
		{04FCB293-53D7-C976-9152-BAADD12D2ED1}.Release|Any CPU.Build.0 = Release|Any CPU
		{338232AC-EFF3-2819-17B3-ED276F9932C1}.Debug|Any CPU.ActiveCfg = Debug|Any CPU
		{338232AC-EFF3-2819-17B3-ED276F9932C1}.Debug|Any CPU.Build.0 = Debug|Any CPU
		{338232AC-EFF3-2819-17B3-ED276F9932C1}.Release|Any CPU.ActiveCfg = Release|Any CPU
		{338232AC-EFF3-2819-17B3-ED276F9932C1}.Release|Any CPU.Build.0 = Release|Any CPU
		{25BADCEF-7014-D5B4-8BFE-23BFCBE3C4D7}.Debug|Any CPU.ActiveCfg = Debug|Any CPU
		{25BADCEF-7014-D5B4-8BFE-23BFCBE3C4D7}.Debug|Any CPU.Build.0 = Debug|Any CPU
		{25BADCEF-7014-D5B4-8BFE-23BFCBE3C4D7}.Release|Any CPU.ActiveCfg = Release|Any CPU
		{25BADCEF-7014-D5B4-8BFE-23BFCBE3C4D7}.Release|Any CPU.Build.0 = Release|Any CPU
		{3BAB61FD-B6B8-DBA3-4098-A9F24DE267FB}.Debug|Any CPU.ActiveCfg = Debug|Any CPU
		{3BAB61FD-B6B8-DBA3-4098-A9F24DE267FB}.Debug|Any CPU.Build.0 = Debug|Any CPU
		{3BAB61FD-B6B8-DBA3-4098-A9F24DE267FB}.Release|Any CPU.ActiveCfg = Release|Any CPU
		{3BAB61FD-B6B8-DBA3-4098-A9F24DE267FB}.Release|Any CPU.Build.0 = Release|Any CPU
		{FB0DA383-4154-086C-BC24-558A1D22B2E7}.Debug|Any CPU.ActiveCfg = Debug|Any CPU
		{FB0DA383-4154-086C-BC24-558A1D22B2E7}.Debug|Any CPU.Build.0 = Debug|Any CPU
		{FB0DA383-4154-086C-BC24-558A1D22B2E7}.Release|Any CPU.ActiveCfg = Release|Any CPU
		{FB0DA383-4154-086C-BC24-558A1D22B2E7}.Release|Any CPU.Build.0 = Release|Any CPU
	EndGlobalSection
	GlobalSection(SolutionProperties) = preSolution
		HideSolutionNode = FALSE
	EndGlobalSection
	GlobalSection(NestedProjects) = preSolution
		{FC4E847C-1A61-F94B-4893-1B67FD8890BE} = {82CE6C79-4995-14E3-CF4B-C99550C1A4B0}
		{A9355258-559A-1A5A-7CCC-018E071B6FC7} = {FC4E847C-1A61-F94B-4893-1B67FD8890BE}
		{AB9AE25E-6F0C-599F-81EB-09E3ABF578ED} = {82CE6C79-4995-14E3-CF4B-C99550C1A4B0}
		{42786B98-0044-99BB-AB2E-CEC6ADF92012} = {AB9AE25E-6F0C-599F-81EB-09E3ABF578ED}
		{6D6983A5-C97C-97F4-B085-5F47D4C4F254} = {82CE6C79-4995-14E3-CF4B-C99550C1A4B0}
		{9EF38252-6475-9810-DBFF-4B5517A45A5A} = {6D6983A5-C97C-97F4-B085-5F47D4C4F254}
		{E2912F1E-83BE-5D38-B043-561B019FFF4B} = {82CE6C79-4995-14E3-CF4B-C99550C1A4B0}
		{369266BE-D6B2-60AC-E812-6A7D16EB37B1} = {E2912F1E-83BE-5D38-B043-561B019FFF4B}
		{D62BDD51-D20E-E1C5-E047-5EA861972A54} = {82CE6C79-4995-14E3-CF4B-C99550C1A4B0}
		{8B5C5C36-A9D5-61CA-F63D-F5C470203319} = {D62BDD51-D20E-E1C5-E047-5EA861972A54}
		{2C544BEE-E46F-10D9-8A11-0F023992FE87} = {82CE6C79-4995-14E3-CF4B-C99550C1A4B0}
		{0D51D959-92B9-9ADD-C34A-8612A80102A5} = {2C544BEE-E46F-10D9-8A11-0F023992FE87}
		{A516CB5F-5AFE-B9CD-BBF3-D3D812F16900} = {82CE6C79-4995-14E3-CF4B-C99550C1A4B0}
		{C834AE34-5D19-52CD-F438-8EA582E955EC} = {A516CB5F-5AFE-B9CD-BBF3-D3D812F16900}
		{6BA90632-A411-FAD3-EBF2-E82D9627697D} = {82CE6C79-4995-14E3-CF4B-C99550C1A4B0}
		{00840ADD-7691-294B-3311-9B2E405920A1} = {6BA90632-A411-FAD3-EBF2-E82D9627697D}
		{B3F3CC55-1152-D817-901F-7CC7D18B7469} = {82CE6C79-4995-14E3-CF4B-C99550C1A4B0}
		{AFEDB247-B603-0E22-B3FB-0C6DD618883A} = {B3F3CC55-1152-D817-901F-7CC7D18B7469}
		{72C60A4C-32DF-E9A8-F66F-FB6F403923CE} = {82CE6C79-4995-14E3-CF4B-C99550C1A4B0}
		{582B1B33-F080-8AD6-AC93-53B38D41B9E2} = {72C60A4C-32DF-E9A8-F66F-FB6F403923CE}
		{49301A36-255A-E2E9-D86B-DF3BEAFD314F} = {82CE6C79-4995-14E3-CF4B-C99550C1A4B0}
		{AA79509C-D7E3-7BB8-22CE-812A4C5F5706} = {49301A36-255A-E2E9-D86B-DF3BEAFD314F}
		{C8C046E8-316E-BC38-C15A-276C0B662291} = {82CE6C79-4995-14E3-CF4B-C99550C1A4B0}
		{F747819E-1575-4AE7-7FCC-2BBDFA6CC305} = {C8C046E8-316E-BC38-C15A-276C0B662291}
		{B0CB96D7-C732-B207-D7F2-EE886CBA1727} = {82CE6C79-4995-14E3-CF4B-C99550C1A4B0}
		{F48F670F-8554-8346-B696-BEC95FE722CF} = {B0CB96D7-C732-B207-D7F2-EE886CBA1727}
		{D979712F-A3E2-E80C-3B3C-C33ABEF1B33F} = {82CE6C79-4995-14E3-CF4B-C99550C1A4B0}
		{E006A90B-9A76-75E3-DA56-0A8F0C0E6F7A} = {D979712F-A3E2-E80C-3B3C-C33ABEF1B33F}
		{E5283034-F53E-5A40-FDA1-7D59AD3AD96B} = {82CE6C79-4995-14E3-CF4B-C99550C1A4B0}
		{106D22FD-4FBE-4D60-A116-494E711C5822} = {E5283034-F53E-5A40-FDA1-7D59AD3AD96B}
		{9C30765B-F6DD-BA97-847E-12FD6FC682F8} = {82CE6C79-4995-14E3-CF4B-C99550C1A4B0}
		{07E97DDD-3B76-0F1B-235A-E84E0EC323A1} = {9C30765B-F6DD-BA97-847E-12FD6FC682F8}
		{176789C7-FBA9-E42C-B06F-6DFA3EBA3240} = {82CE6C79-4995-14E3-CF4B-C99550C1A4B0}
		{A38BC428-7450-898D-B0CA-A6711ACC6C49} = {176789C7-FBA9-E42C-B06F-6DFA3EBA3240}
		{06144FDC-7611-C08B-4952-3DD38AD44F8A} = {82CE6C79-4995-14E3-CF4B-C99550C1A4B0}
		{6D721B72-0275-6A66-93E2-11A4C0AC12F4} = {06144FDC-7611-C08B-4952-3DD38AD44F8A}
		{0E1ADBB6-2825-993C-8217-2E3B8D8A7FFB} = {82CE6C79-4995-14E3-CF4B-C99550C1A4B0}
		{FF99237A-3E9E-29B4-F9FC-1C225ABAA561} = {0E1ADBB6-2825-993C-8217-2E3B8D8A7FFB}
		{FB2E1ED9-6EA6-9E75-FA28-DC72DF68434E} = {82CE6C79-4995-14E3-CF4B-C99550C1A4B0}
		{25EEB804-9952-5731-2AFC-EF4F87F557ED} = {FB2E1ED9-6EA6-9E75-FA28-DC72DF68434E}
		{F7D9CEEA-EE36-A7A1-0918-E27FE5489963} = {82CE6C79-4995-14E3-CF4B-C99550C1A4B0}
		{AD4DB803-3318-63DA-B6EE-B53D2754451C} = {F7D9CEEA-EE36-A7A1-0918-E27FE5489963}
		{8B182BC7-35F3-DC93-E453-8DDD6AD398C1} = {82CE6C79-4995-14E3-CF4B-C99550C1A4B0}
		{2D816551-FE4A-01C6-E12A-0A8919C764D8} = {8B182BC7-35F3-DC93-E453-8DDD6AD398C1}
		{7FA05563-C947-D2F4-FECF-FD363D6ACC24} = {82CE6C79-4995-14E3-CF4B-C99550C1A4B0}
		{BB8D8E4F-145D-9EEE-A3DF-56D68A3E1F1A} = {7FA05563-C947-D2F4-FECF-FD363D6ACC24}
		{BD07DD55-D05B-E615-3EBE-1B551C0CC939} = {82CE6C79-4995-14E3-CF4B-C99550C1A4B0}
		{718D7280-BFEA-69F6-546A-32F343187F25} = {BD07DD55-D05B-E615-3EBE-1B551C0CC939}
		{1CF940E3-3BF0-3967-CC5F-BB51A03813D9} = {82CE6C79-4995-14E3-CF4B-C99550C1A4B0}
		{DDE86B16-1571-2551-F0D1-9BAD9B4D62E4} = {1CF940E3-3BF0-3967-CC5F-BB51A03813D9}
		{D1C6D30F-7807-B3C2-0093-AD074F85AB5A} = {82CE6C79-4995-14E3-CF4B-C99550C1A4B0}
		{9205E088-4283-39A6-4341-A588A4707196} = {D1C6D30F-7807-B3C2-0093-AD074F85AB5A}
		{4F29DB26-B5A0-AAF3-544E-2BDB968676BA} = {82CE6C79-4995-14E3-CF4B-C99550C1A4B0}
		{499D7D22-8411-C4E9-E4CC-202F3A17C831} = {4F29DB26-B5A0-AAF3-544E-2BDB968676BA}
		{4BEB3B2D-675C-0B92-3378-8A63E01A932D} = {82CE6C79-4995-14E3-CF4B-C99550C1A4B0}
		{8C624C43-4B70-AEDF-DBAF-B94C2B1BD9D0} = {4BEB3B2D-675C-0B92-3378-8A63E01A932D}
		{1D296970-450A-1588-EC50-E12A2A68866B} = {82CE6C79-4995-14E3-CF4B-C99550C1A4B0}
		{74426634-3309-1799-8862-919FABEDC830} = {1D296970-450A-1588-EC50-E12A2A68866B}
		{33F1C1C1-9243-24A3-0AE7-BBF9FA5D2327} = {82CE6C79-4995-14E3-CF4B-C99550C1A4B0}
		{249D9EAA-01FB-3917-A2CA-8A0EB4B5CBE0} = {33F1C1C1-9243-24A3-0AE7-BBF9FA5D2327}
		{44A25FA1-FB62-0A09-38CB-86B1926A1425} = {82CE6C79-4995-14E3-CF4B-C99550C1A4B0}
		{87F26131-F21C-043A-50E5-DED9267E9CBB} = {44A25FA1-FB62-0A09-38CB-86B1926A1425}
		{AFE6952D-0069-BEF0-713E-8862D1471D21} = {82CE6C79-4995-14E3-CF4B-C99550C1A4B0}
		{D1931A5B-AF9C-DA13-A1C7-87E8E52F9C8B} = {AFE6952D-0069-BEF0-713E-8862D1471D21}
		{4ADFAB2C-4475-E005-94AB-1F9727277D8A} = {82CE6C79-4995-14E3-CF4B-C99550C1A4B0}
		{4EAB0E9D-CDD1-AFB2-B7D6-E3C3139ABDA3} = {4ADFAB2C-4475-E005-94AB-1F9727277D8A}
		{3FA54608-89DF-F8E4-13BE-25267E7AE1F7} = {82CE6C79-4995-14E3-CF4B-C99550C1A4B0}
		{30605648-F036-21DC-4979-A725B2D766D2} = {3FA54608-89DF-F8E4-13BE-25267E7AE1F7}
		{DD91E91A-8761-424D-1CA3-88433E1D4B4A} = {82CE6C79-4995-14E3-CF4B-C99550C1A4B0}
		{467272B3-F404-4FBF-1879-61D93372EA92} = {DD91E91A-8761-424D-1CA3-88433E1D4B4A}
		{CCFC2F09-03E8-45DD-4620-532A293B120C} = {82CE6C79-4995-14E3-CF4B-C99550C1A4B0}
		{918E0AEE-2876-196E-D92F-14C4B0EC4249} = {CCFC2F09-03E8-45DD-4620-532A293B120C}
		{80FA1692-2CE7-88DF-CEFA-B224B80CB9B5} = {82CE6C79-4995-14E3-CF4B-C99550C1A4B0}
		{4E831C55-D38E-D294-AD7F-AB055671D4D2} = {80FA1692-2CE7-88DF-CEFA-B224B80CB9B5}
		{F22623F4-F32E-0AE4-ED92-AF0E0FBA4C4E} = {82CE6C79-4995-14E3-CF4B-C99550C1A4B0}
		{35773F31-BFA4-222C-38AD-0BB8C66209D1} = {F22623F4-F32E-0AE4-ED92-AF0E0FBA4C4E}
		{109E356A-C823-D52C-752E-26573FE8531C} = {82CE6C79-4995-14E3-CF4B-C99550C1A4B0}
		{944317E7-03C2-DA7C-0628-BAE90F78BEB2} = {109E356A-C823-D52C-752E-26573FE8531C}
		{57316BE9-59B8-FC45-E7A3-9EF1134CA77B} = {82CE6C79-4995-14E3-CF4B-C99550C1A4B0}
		{DCFFEDE9-419D-75F0-F42C-1EFB71FC3758} = {57316BE9-59B8-FC45-E7A3-9EF1134CA77B}
		{8A15B390-98CF-6ADA-9740-92ED61A557BF} = {82CE6C79-4995-14E3-CF4B-C99550C1A4B0}
		{22BBCE6F-C81B-9ED2-0A46-DDFE5CFF539D} = {8A15B390-98CF-6ADA-9740-92ED61A557BF}
		{EC75E643-9081-D140-7680-D9118E9245E2} = {82CE6C79-4995-14E3-CF4B-C99550C1A4B0}
		{825BD9B3-74AC-7173-B29D-DCE9DB3DCA73} = {EC75E643-9081-D140-7680-D9118E9245E2}
		{8BEC91C7-2432-AFBB-92A9-16692BA318C7} = {82CE6C79-4995-14E3-CF4B-C99550C1A4B0}
		{CFCDD20A-FE1B-99B0-B145-C20976609026} = {8BEC91C7-2432-AFBB-92A9-16692BA318C7}
		{E6F4ED6D-3E29-8993-AA67-799A8BE5D3EE} = {82CE6C79-4995-14E3-CF4B-C99550C1A4B0}
		{65E66EF3-01BE-05BD-FB97-5EDCE69771DC} = {E6F4ED6D-3E29-8993-AA67-799A8BE5D3EE}
		{A8B7E61F-1DC3-8B5E-FEE8-2C2AC72FC6F5} = {82CE6C79-4995-14E3-CF4B-C99550C1A4B0}
		{B6D8C244-E6C7-422E-694E-A73FAA25D893} = {A8B7E61F-1DC3-8B5E-FEE8-2C2AC72FC6F5}
		{85BB843E-E891-82F1-3510-02E4A0015868} = {82CE6C79-4995-14E3-CF4B-C99550C1A4B0}
		{3442B1B1-E04D-E420-9942-F92976D75916} = {85BB843E-E891-82F1-3510-02E4A0015868}
		{D0F0E626-0E6D-88DB-CE9D-F284B7C5D8EA} = {82CE6C79-4995-14E3-CF4B-C99550C1A4B0}
		{5EDC0922-F30D-503D-EE5E-5EFA3DDDE8F1} = {D0F0E626-0E6D-88DB-CE9D-F284B7C5D8EA}
		{9347C0B6-D655-A3EF-0DAE-9BFE88E43DD4} = {82CE6C79-4995-14E3-CF4B-C99550C1A4B0}
		{49787FE2-B052-8706-7997-93745CD7F343} = {9347C0B6-D655-A3EF-0DAE-9BFE88E43DD4}
		{28C47BDE-0B11-B867-EE3D-563F0D2F317D} = {82CE6C79-4995-14E3-CF4B-C99550C1A4B0}
		{72211777-82B1-0338-3B19-0C1549BE2172} = {28C47BDE-0B11-B867-EE3D-563F0D2F317D}
		{6B3B0603-E600-FC1E-C312-BE1729E5F2E3} = {82CE6C79-4995-14E3-CF4B-C99550C1A4B0}
		{3658B496-67B4-662A-5946-A7B1817B3640} = {6B3B0603-E600-FC1E-C312-BE1729E5F2E3}
		{9B33AB21-BE02-C885-4803-3ABE28C22A3C} = {82CE6C79-4995-14E3-CF4B-C99550C1A4B0}
		{6CC77143-3483-AE99-A168-A754E6319A5C} = {9B33AB21-BE02-C885-4803-3ABE28C22A3C}
		{3A0A9025-C7AC-DE36-A2BC-7849FC10EF46} = {82CE6C79-4995-14E3-CF4B-C99550C1A4B0}
		{737BF237-7323-1016-46A7-9A7524606D78} = {3A0A9025-C7AC-DE36-A2BC-7849FC10EF46}
		{B14D17E3-DDA4-23A4-51AD-53DEAA9B3F15} = {82CE6C79-4995-14E3-CF4B-C99550C1A4B0}
		{94BCB677-33B3-2A52-AE94-7718C738E102} = {B14D17E3-DDA4-23A4-51AD-53DEAA9B3F15}
		{BAAC8609-7A0A-92BF-2078-D8B3A6EBAB64} = {82CE6C79-4995-14E3-CF4B-C99550C1A4B0}
		{5CFF165D-EDB7-9015-AC14-5EF2A1AA11D9} = {BAAC8609-7A0A-92BF-2078-D8B3A6EBAB64}
		{8E789371-FF36-0310-0B98-FFBD86345C2A} = {82CE6C79-4995-14E3-CF4B-C99550C1A4B0}
		{8B133EC6-18FE-223D-1F8D-4A7D62ED4895} = {8E789371-FF36-0310-0B98-FFBD86345C2A}
		{20EE73D0-5E2F-7DB5-8059-83ECBAEAB974} = {82CE6C79-4995-14E3-CF4B-C99550C1A4B0}
		{6E979A2A-901C-E796-096B-6D67E39866D5} = {20EE73D0-5E2F-7DB5-8059-83ECBAEAB974}
		{CBB2F79E-8CE4-63CD-A6CA-2C8FA44A5EE4} = {82CE6C79-4995-14E3-CF4B-C99550C1A4B0}
		{739045CE-ACAB-9F3E-DE58-688D1F2DF331} = {CBB2F79E-8CE4-63CD-A6CA-2C8FA44A5EE4}
		{7C1080CB-9F04-B304-1F49-E8E4B99AE00D} = {82CE6C79-4995-14E3-CF4B-C99550C1A4B0}
		{00485CED-3790-E181-9AC4-F0B980B74FE4} = {7C1080CB-9F04-B304-1F49-E8E4B99AE00D}
		{47E62EFF-C890-D30F-6386-269286DD0045} = {82CE6C79-4995-14E3-CF4B-C99550C1A4B0}
		{E2E088B5-E742-D21E-24EC-03A86956BFA3} = {47E62EFF-C890-D30F-6386-269286DD0045}
		{3924CD1E-4EE9-E2C8-E968-B5486C4EA412} = {82CE6C79-4995-14E3-CF4B-C99550C1A4B0}
		{6BFA2ED7-ADB0-A1CA-7B97-94BDFD5B1440} = {3924CD1E-4EE9-E2C8-E968-B5486C4EA412}
		{7EC4D846-F196-F8F1-4E12-6D57A838CFC3} = {82CE6C79-4995-14E3-CF4B-C99550C1A4B0}
		{2905A1F5-C81F-7ABC-3570-45A08E6F8159} = {7EC4D846-F196-F8F1-4E12-6D57A838CFC3}
		{FCA40F1C-40C8-D80D-BB61-6F8E0EDACAD2} = {82CE6C79-4995-14E3-CF4B-C99550C1A4B0}
		{1E559E90-375D-8281-8077-ABD30EBEB639} = {FCA40F1C-40C8-D80D-BB61-6F8E0EDACAD2}
		{7B8CB899-6793-4DCA-512F-CDA7A9D4EDAA} = {82CE6C79-4995-14E3-CF4B-C99550C1A4B0}
		{A04EEA2D-FC07-AA9A-D25F-3D34750312E6} = {7B8CB899-6793-4DCA-512F-CDA7A9D4EDAA}
		{0A77FEB6-32A9-F3EA-D7ED-358118E869DF} = {82CE6C79-4995-14E3-CF4B-C99550C1A4B0}
		{26444E43-367C-2EBA-27A7-99F0A30767BC} = {0A77FEB6-32A9-F3EA-D7ED-358118E869DF}
		{0B4C0BA8-BB07-363F-D6C7-55FE2A9830C0} = {82CE6C79-4995-14E3-CF4B-C99550C1A4B0}
		{19E1F5F3-4AEE-B06F-36BD-0CBB4CCA5E49} = {0B4C0BA8-BB07-363F-D6C7-55FE2A9830C0}
		{DDA5EE65-90A3-DB12-8FA8-FB3E82AF6F1A} = {82CE6C79-4995-14E3-CF4B-C99550C1A4B0}
		{A66B24F2-2A5D-5DA5-2FF1-646723AA8A72} = {DDA5EE65-90A3-DB12-8FA8-FB3E82AF6F1A}
		{336BDE5A-F135-FC5B-4014-809A27095AF1} = {82CE6C79-4995-14E3-CF4B-C99550C1A4B0}
		{5F18A95A-C3B0-A7BF-5621-48A1D2E4E123} = {336BDE5A-F135-FC5B-4014-809A27095AF1}
		{0B7AEFDD-B2BE-9E54-26B5-018ADAF07CEF} = {82CE6C79-4995-14E3-CF4B-C99550C1A4B0}
		{DB1F82EC-BC6C-75BA-B970-BC0094ADD6C2} = {0B7AEFDD-B2BE-9E54-26B5-018ADAF07CEF}
		{9EE5C5D3-3F08-86C5-0287-D076DE6E1990} = {82CE6C79-4995-14E3-CF4B-C99550C1A4B0}
		{2AF1E61B-0199-503D-8D23-058EA907F797} = {9EE5C5D3-3F08-86C5-0287-D076DE6E1990}
		{93C2E182-60F6-6F2B-F9AD-5B84B2F19DA3} = {82CE6C79-4995-14E3-CF4B-C99550C1A4B0}
		{753ECA2F-5C51-25E7-9033-B9EE33A14EB3} = {93C2E182-60F6-6F2B-F9AD-5B84B2F19DA3}
		{7C19E090-E44A-263A-2267-585251707FFB} = {82CE6C79-4995-14E3-CF4B-C99550C1A4B0}
		{3056EB7A-FBBA-6A3B-C1AF-ECCBAB2E9FDD} = {7C19E090-E44A-263A-2267-585251707FFB}
		{B0625EE0-38AD-300E-2EC7-27F52CA5C4CF} = {82CE6C79-4995-14E3-CF4B-C99550C1A4B0}
		{FF03456C-DEF6-4C63-0050-E0A37D676880} = {B0625EE0-38AD-300E-2EC7-27F52CA5C4CF}
		{1FB76813-38E7-E064-1891-3917209851BB} = {82CE6C79-4995-14E3-CF4B-C99550C1A4B0}
		{E0E49AAA-FBF7-7717-3D2C-640AF665854D} = {1FB76813-38E7-E064-1891-3917209851BB}
		{3C01615A-01CC-EE57-DB74-2AD45F1E254B} = {82CE6C79-4995-14E3-CF4B-C99550C1A4B0}
		{2D7CCAD0-50B8-DF0B-8385-47AB6851C3C7} = {3C01615A-01CC-EE57-DB74-2AD45F1E254B}
		{A107CCFE-A608-31A0-0C6A-24DEB38FC13F} = {82CE6C79-4995-14E3-CF4B-C99550C1A4B0}
		{A326FB14-FC51-B295-462C-9E6099C25CD6} = {A107CCFE-A608-31A0-0C6A-24DEB38FC13F}
		{8E403DA7-C2E1-4F78-7FA8-A187320626BA} = {82CE6C79-4995-14E3-CF4B-C99550C1A4B0}
		{B8FBE76C-B071-7FA7-2960-E55400147E8B} = {8E403DA7-C2E1-4F78-7FA8-A187320626BA}
		{6D08E640-DF35-BDEC-A485-6924078C73EF} = {82CE6C79-4995-14E3-CF4B-C99550C1A4B0}
		{C03FD7D3-0AC5-3BA3-B0BB-6D94C6077459} = {6D08E640-DF35-BDEC-A485-6924078C73EF}
		{C964F996-68AD-01EF-DC5D-29D7FAE7B89E} = {82CE6C79-4995-14E3-CF4B-C99550C1A4B0}
		{4CBDD5A9-2509-4B9E-3F9C-BFD8960BFA38} = {C964F996-68AD-01EF-DC5D-29D7FAE7B89E}
		{7C7C3FF2-1D65-107B-9C8C-3C29336659F9} = {82CE6C79-4995-14E3-CF4B-C99550C1A4B0}
		{7FE12288-F3BB-94FF-5265-8AD40CF2AB87} = {7C7C3FF2-1D65-107B-9C8C-3C29336659F9}
		{8055523B-7BED-94F4-C52B-38CB964F44A0} = {82CE6C79-4995-14E3-CF4B-C99550C1A4B0}
		{0984026F-CF4C-09C4-B94E-B9D667C58E42} = {8055523B-7BED-94F4-C52B-38CB964F44A0}
		{335B2F89-36EB-75FE-FAC8-6CF67F3481AC} = {82CE6C79-4995-14E3-CF4B-C99550C1A4B0}
		{CDBA71CD-C03A-0306-DF0C-C56274B31239} = {335B2F89-36EB-75FE-FAC8-6CF67F3481AC}
		{3495FE77-D0D5-E2BD-96EE-5A0E2E25E17D} = {82CE6C79-4995-14E3-CF4B-C99550C1A4B0}
		{659ED918-5765-EF59-9BFF-DAAA60E663AA} = {3495FE77-D0D5-E2BD-96EE-5A0E2E25E17D}
		{9D115BF8-5842-1D29-621E-49F44AF6F789} = {82CE6C79-4995-14E3-CF4B-C99550C1A4B0}
		{7496680D-F806-9EB6-E079-8BC92170F25F} = {9D115BF8-5842-1D29-621E-49F44AF6F789}
		{65C95677-99D7-576C-3C46-50232BC058F8} = {82CE6C79-4995-14E3-CF4B-C99550C1A4B0}
		{74A3243E-9344-CA64-248F-9ECD21FFC0C5} = {65C95677-99D7-576C-3C46-50232BC058F8}
		{F33E2922-02E8-5841-5FB9-6148821B08F4} = {82CE6C79-4995-14E3-CF4B-C99550C1A4B0}
		{E745BB90-3B69-CBBD-B83E-4FD88D530AD1} = {F33E2922-02E8-5841-5FB9-6148821B08F4}
		{0D7D74D5-AF0F-ED2F-13C3-8A094A9F2BBE} = {82CE6C79-4995-14E3-CF4B-C99550C1A4B0}
		{BCB92D91-A66E-043D-069C-451C6B261465} = {0D7D74D5-AF0F-ED2F-13C3-8A094A9F2BBE}
		{97E27DA8-4FB6-2508-F7D8-CE4564C3B4FC} = {82CE6C79-4995-14E3-CF4B-C99550C1A4B0}
		{3A79C927-DB8B-6FD7-8F9D-3FF5F56EDE17} = {97E27DA8-4FB6-2508-F7D8-CE4564C3B4FC}
		{A534A6C1-AA2F-D4DE-B816-BECC745D761E} = {82CE6C79-4995-14E3-CF4B-C99550C1A4B0}
		{EC58593F-61EF-93ED-ACE8-40443057AF6A} = {A534A6C1-AA2F-D4DE-B816-BECC745D761E}
		{76885430-2506-97F0-1010-015A54DCA7B9} = {82CE6C79-4995-14E3-CF4B-C99550C1A4B0}
		{7168D098-2FD1-F1E7-AC2A-593ED0546379} = {76885430-2506-97F0-1010-015A54DCA7B9}
		{1BEAA173-BA3E-2BEC-ACF1-D63B9E545A80} = {82CE6C79-4995-14E3-CF4B-C99550C1A4B0}
		{494A5B3C-CC1E-92B3-4D5B-4A8618194212} = {1BEAA173-BA3E-2BEC-ACF1-D63B9E545A80}
		{B8E5BE4A-F604-2F26-1F15-BB4E90400135} = {82CE6C79-4995-14E3-CF4B-C99550C1A4B0}
		{09FD14D0-A80B-1C46-759A-9521D76EA3FF} = {B8E5BE4A-F604-2F26-1F15-BB4E90400135}
		{53566923-0094-EC87-FE11-42F3BCDF9A1A} = {82CE6C79-4995-14E3-CF4B-C99550C1A4B0}
		{5D48EA59-9269-31A9-FB48-09749333D640} = {53566923-0094-EC87-FE11-42F3BCDF9A1A}
		{2FB8EDE7-C7B6-D820-20E5-B6FFB93D7D5C} = {82CE6C79-4995-14E3-CF4B-C99550C1A4B0}
		{DCA0C679-1EF4-536B-9C79-06921D47736E} = {2FB8EDE7-C7B6-D820-20E5-B6FFB93D7D5C}
		{0B8057F7-A2CB-2D4B-10C9-FD3CB3AB373D} = {82CE6C79-4995-14E3-CF4B-C99550C1A4B0}
		{D6443AF1-7033-6124-7C88-1F6E14547768} = {0B8057F7-A2CB-2D4B-10C9-FD3CB3AB373D}
		{5167AFDF-7DF9-BEDF-19CF-0FBCFDE62DA8} = {82CE6C79-4995-14E3-CF4B-C99550C1A4B0}
		{D2E3F460-B135-2DDB-B2DA-7ABD63550023} = {5167AFDF-7DF9-BEDF-19CF-0FBCFDE62DA8}
		{A4162CF8-9A02-98D5-48DC-005DCA740D22} = {82CE6C79-4995-14E3-CF4B-C99550C1A4B0}
		{20D12E03-E50F-D6CC-71F4-45048E1844AC} = {A4162CF8-9A02-98D5-48DC-005DCA740D22}
		{FD6C2868-24B6-FAEB-4CDD-35DC1D2945CE} = {82CE6C79-4995-14E3-CF4B-C99550C1A4B0}
		{63F8D0CE-F9B6-F82C-2FBE-BD5C6E4E4062} = {FD6C2868-24B6-FAEB-4CDD-35DC1D2945CE}
		{08547CD8-AB1F-7A9D-94B8-106DD6E8210B} = {82CE6C79-4995-14E3-CF4B-C99550C1A4B0}
		{EF48EFBF-4FFF-2153-18C6-311A2E636E7F} = {08547CD8-AB1F-7A9D-94B8-106DD6E8210B}
		{96D73C78-AEDF-591C-298A-83E219F30DF8} = {82CE6C79-4995-14E3-CF4B-C99550C1A4B0}
		{04FCB293-53D7-C976-9152-BAADD12D2ED1} = {96D73C78-AEDF-591C-298A-83E219F30DF8}
		{20094EB9-3002-F17D-382B-9358AFA04C7D} = {82CE6C79-4995-14E3-CF4B-C99550C1A4B0}
		{338232AC-EFF3-2819-17B3-ED276F9932C1} = {20094EB9-3002-F17D-382B-9358AFA04C7D}
		{862AE355-BC69-8C65-8034-9CBF8E823EF7} = {82CE6C79-4995-14E3-CF4B-C99550C1A4B0}
		{25BADCEF-7014-D5B4-8BFE-23BFCBE3C4D7} = {862AE355-BC69-8C65-8034-9CBF8E823EF7}
		{1BECEF6D-092F-CA93-2915-8F62157D0FDF} = {82CE6C79-4995-14E3-CF4B-C99550C1A4B0}
		{3BAB61FD-B6B8-DBA3-4098-A9F24DE267FB} = {1BECEF6D-092F-CA93-2915-8F62157D0FDF}
		{575B1500-A4B2-20AC-7B34-D467307258E5} = {82CE6C79-4995-14E3-CF4B-C99550C1A4B0}
		{FB0DA383-4154-086C-BC24-558A1D22B2E7} = {575B1500-A4B2-20AC-7B34-D467307258E5}
	EndGlobalSection
	GlobalSection(ExtensibilityGlobals) = postSolution
		SolutionGuid = {B29A5A8A-A025-4F0D-86AF-DB36DA0760B7}
	EndGlobalSection
EndGlobal
